{
  "object": {
    "pins": [
      {
        "package": "swift-argument-parser",
        "repositoryURL": "https://github.com/apple/swift-argument-parser.git",
        "state": {
          "branch": null,
          "revision": "011f0c765fb46d9cac61bca19be0527e99c98c8b",
          "version": "1.5.1"
        }
      }
    ]
  },
  "version": 1
}
