{
  "pins" : [
    {
      "identity" : "oidclite",
      "kind" : "remoteSourceControl",
      "location" : "https://github.com/twocanoes/OIDCLite",
      "state" : {
        "revision" : "b0fb99a161456d4eb353858f73d487790f9c98a7",
        "version" : "1.1.0"
      }
    },
    {
      "identity" : "swift-argument-parser",
      "kind" : "remoteSourceControl",
      "location" : "https://github.com/apple/swift-argument-parser.git",
      "state" : {
        "revision" : "fee6933f37fde9a5e12a1e4aeaa93fe60116ff2a",
        "version" : "1.2.2"
      }
    }
  ],
  "version" : 2
}
