{
  "object": {
    "pins": [
      {
        "package": "swift-argument-parser",
        "repositoryURL": "https://github.com/apple/swift-argument-parser.git",
        "state": {
          "branch": null,
          "revision": "c5d11a805e765f52ba34ec7284bd4fcd6ba68615",
          "version": "1.7.0"
        }
      }
    ]
  },
  "version": 1
}
