{
  "object": {
    "pins": [
      {
        "package": "swift-argument-parser",
        "repositoryURL": "https://github.com/apple/swift-argument-parser.git",
        "state": {
          "branch": null,
          "revision": "309a47b2b1d9b5e991f36961c983ecec72275be3",
          "version": "1.6.1"
        }
      }
    ]
  },
  "version": 1
}
