// !$*UTF8*$!
{
	archiveVersion = 1;
	classes = {
	};
	objectVersion = 55;
	objects = {

/* Begin PBXBuildFile section */
		7611CEC0288B75140063A644 /* XCredsCreateUser.swift in Sources */ = {isa = PBXBuildFile; fileRef = 7611CEBF288B75140063A644 /* XCredsCreateUser.swift */; };
		7611CEC2288B96760063A644 /* XCredsEnableFDE.swift in Sources */ = {isa = PBXBuildFile; fileRef = 7611CEC1288B96760063A644 /* XCredsEnableFDE.swift */; };
		76319360287D22C700D36BF7 /* authrights.swift in Sources */ = {isa = PBXBuildFile; fileRef = 7631935F287D22C700D36BF7 /* authrights.swift */; };
		76319366287D24E100D36BF7 /* ArgumentParser in Frameworks */ = {isa = PBXBuildFile; productRef = 76319365287D24E100D36BF7 /* ArgumentParser */; };
		76319369287D24F600D36BF7 /* ArgumentParser in Frameworks */ = {isa = PBXBuildFile; productRef = 76319368287D24F600D36BF7 /* ArgumentParser */; };
		7631936B287D25E400D36BF7 /* ArgumentParser in Frameworks */ = {isa = PBXBuildFile; productRef = 7631936A287D25E400D36BF7 /* ArgumentParser */; };
		7631936C287D29B700D36BF7 /* AuthorizationDBManager.swift in Sources */ = {isa = PBXBuildFile; fileRef = 76BEF7F928726C700013E2A1 /* AuthorizationDBManager.swift */; };
		7631936D287D2A6200D36BF7 /* Logger.swift in Sources */ = {isa = PBXBuildFile; fileRef = 76EECCFF2875135900483C66 /* Logger.swift */; };
		7631936E287D2AB100D36BF7 /* TCSUnifiedLogger.m in Sources */ = {isa = PBXBuildFile; fileRef = 76D7ADF9284EB15000332EBC /* TCSUnifiedLogger.m */; };
		76319370287DE24D00D36BF7 /* NSFileManager+TCSRealHomeFolder.m in Sources */ = {isa = PBXBuildFile; fileRef = 76D7ADFC284EB18600332EBC /* NSFileManager+TCSRealHomeFolder.m */; };
		76319373287E18BF00D36BF7 /* DataExtension.swift in Sources */ = {isa = PBXBuildFile; fileRef = 7632909B2876673500CF8857 /* DataExtension.swift */; };
		76319374287E198C00D36BF7 /* XCredsLoginPlugin.bundle in Resources */ = {isa = PBXBuildFile; fileRef = 766355BD2870CA6A002E3867 /* XCredsLoginPlugin.bundle */; };
		76319377287E1FAF00D36BF7 /* authrights in Resources */ = {isa = PBXBuildFile; fileRef = 7631935D287D22C700D36BF7 /* authrights */; };
		7632909D2876674100CF8857 /* DataExtension.swift in Sources */ = {isa = PBXBuildFile; fileRef = 7632909B2876673500CF8857 /* DataExtension.swift */; };
		7632E39F287347C100E37923 /* XCredsKeychainAdd.swift in Sources */ = {isa = PBXBuildFile; fileRef = 7632E39E287347C100E37923 /* XCredsKeychainAdd.swift */; };
		7632E3A12873497C00E37923 /* LogShim.swift in Sources */ = {isa = PBXBuildFile; fileRef = 7632E3A02873497C00E37923 /* LogShim.swift */; };
		7632E3A2287357CC00E37923 /* TokenManager.swift in Sources */ = {isa = PBXBuildFile; fileRef = 76EE06AB27FD1D92009E0F3A /* TokenManager.swift */; };
		7632E3A32873581100E37923 /* KeychainUtil.swift in Sources */ = {isa = PBXBuildFile; fileRef = 767116B2284B045800CCD6FF /* KeychainUtil.swift */; };
		764D8126284BC1C300B3EE54 /* LoginPasswordWindowController.swift in Sources */ = {isa = PBXBuildFile; fileRef = 764D8124284BC1C300B3EE54 /* LoginPasswordWindowController.swift */; };
		764D8127284BC1C300B3EE54 /* LoginPasswordWindowController.xib in Resources */ = {isa = PBXBuildFile; fileRef = 764D8125284BC1C300B3EE54 /* LoginPasswordWindowController.xib */; };
		764D8129284BCAB100B3EE54 /* Window+Shake.swift in Sources */ = {isa = PBXBuildFile; fileRef = 764D8128284BCAB100B3EE54 /* Window+Shake.swift */; };
		764D812C284BCC7400B3EE54 /* VerifyOIDCPasswordWindowController.swift in Sources */ = {isa = PBXBuildFile; fileRef = 764D812A284BCC7400B3EE54 /* VerifyOIDCPasswordWindowController.swift */; };
		764D812D284BCC7400B3EE54 /* VerifyOIDCPassword.xib in Resources */ = {isa = PBXBuildFile; fileRef = 764D812B284BCC7400B3EE54 /* VerifyOIDCPassword.xib */; };
		764D812F284C06AB00B3EE54 /* defaults.plist in Resources */ = {isa = PBXBuildFile; fileRef = 764D812E284C06AB00B3EE54 /* defaults.plist */; };
		764D8131284D11EE00B3EE54 /* AboutMenuItem.swift in Sources */ = {isa = PBXBuildFile; fileRef = 764D8130284D11EE00B3EE54 /* AboutMenuItem.swift */; };
		764D8133284D14A500B3EE54 /* Credits.rtf in Resources */ = {isa = PBXBuildFile; fileRef = 764D8132284D14A500B3EE54 /* Credits.rtf */; };
		766355C32870CB6F002E3867 /* XCredsLoginPlugin.m in Sources */ = {isa = PBXBuildFile; fileRef = 766355C22870CB6F002E3867 /* XCredsLoginPlugin.m */; };
		766355CA2870DCF5002E3867 /* TCSUnifiedLogger.m in Sources */ = {isa = PBXBuildFile; fileRef = 76D7ADF9284EB15000332EBC /* TCSUnifiedLogger.m */; };
		766355CB2870E5E9002E3867 /* NSFileManager+TCSRealHomeFolder.m in Sources */ = {isa = PBXBuildFile; fileRef = 76D7ADFC284EB18600332EBC /* NSFileManager+TCSRealHomeFolder.m */; };
		766355CC2870E9AD002E3867 /* WebView.swift in Sources */ = {isa = PBXBuildFile; fileRef = 76EE06B327FD1E5F009E0F3A /* WebView.swift */; };
		766355CE2870E9D3002E3867 /* OIDCLite in Frameworks */ = {isa = PBXBuildFile; productRef = 766355CD2870E9D3002E3867 /* OIDCLite */; };
		766355CF2870E9E7002E3867 /* PrefKeys.swift in Sources */ = {isa = PBXBuildFile; fileRef = 76EE06AD27FD1DC3009E0F3A /* PrefKeys.swift */; };
		766355D12870EBAD002E3867 /* VerifyOIDCPassword.xib in Resources */ = {isa = PBXBuildFile; fileRef = 764D812B284BCC7400B3EE54 /* VerifyOIDCPassword.xib */; };
		766355D42870F29A002E3867 /* TestWindowController.swift in Sources */ = {isa = PBXBuildFile; fileRef = 766355D22870F29A002E3867 /* TestWindowController.swift */; };
		766355D52870F29A002E3867 /* TestWindowController.xib in Resources */ = {isa = PBXBuildFile; fileRef = 766355D32870F29A002E3867 /* TestWindowController.xib */; };
		766355D928711C51002E3867 /* defaults.plist in Resources */ = {isa = PBXBuildFile; fileRef = 764D812E284C06AB00B3EE54 /* defaults.plist */; };
		766355DB287132E9002E3867 /* LoginWebViewController.swift in Sources */ = {isa = PBXBuildFile; fileRef = 766355DA287132E9002E3867 /* LoginWebViewController.swift */; };
		766355DC287133C7002E3867 /* WebView.swift in Sources */ = {isa = PBXBuildFile; fileRef = 76EE06B327FD1E5F009E0F3A /* WebView.swift */; };
		766355DE28713486002E3867 /* LoginWebView.xib in Resources */ = {isa = PBXBuildFile; fileRef = 766355DD28713485002E3867 /* LoginWebView.xib */; };
		766355E328713C4A002E3867 /* LoginWindow.swift in Sources */ = {isa = PBXBuildFile; fileRef = 766355E128713C47002E3867 /* LoginWindow.swift */; };
		766355E5287148C1002E3867 /* Tokens.swift in Sources */ = {isa = PBXBuildFile; fileRef = 766355E4287148C1002E3867 /* Tokens.swift */; };
		766355E6287148C1002E3867 /* Tokens.swift in Sources */ = {isa = PBXBuildFile; fileRef = 766355E4287148C1002E3867 /* Tokens.swift */; };
		766F4C4B2883AFD90021F548 /* pleaseWaitGraphic.png in Resources */ = {isa = PBXBuildFile; fileRef = 766F4C4A2883AFD90021F548 /* pleaseWaitGraphic.png */; };
		767116A7284AABC500CCD6FF /* NotifyManager.swift in Sources */ = {isa = PBXBuildFile; fileRef = 767116A6284AABC500CCD6FF /* NotifyManager.swift */; };
		767116A9284AAE2B00CCD6FF /* ScheduleManager.swift in Sources */ = {isa = PBXBuildFile; fileRef = 767116A8284AAE2B00CCD6FF /* ScheduleManager.swift */; };
		767116AC284AB4C000CCD6FF /* PasswordUtils.swift in Sources */ = {isa = PBXBuildFile; fileRef = 767116AB284AB4C000CCD6FF /* PasswordUtils.swift */; };
		767116B1284B021500CCD6FF /* MainController.swift in Sources */ = {isa = PBXBuildFile; fileRef = 767116B0284B021500CCD6FF /* MainController.swift */; };
		767116B3284B045800CCD6FF /* KeychainUtil.swift in Sources */ = {isa = PBXBuildFile; fileRef = 767116B2284B045800CCD6FF /* KeychainUtil.swift */; };
		7677908628908E40004E7085 /* WifiWindowController.swift in Sources */ = {isa = PBXBuildFile; fileRef = 7677908328908E40004E7085 /* WifiWindowController.swift */; };
		7677908728908E40004E7085 /* WifiManager.swift in Sources */ = {isa = PBXBuildFile; fileRef = 7677908428908E40004E7085 /* WifiManager.swift */; };
		7677908828908E40004E7085 /* WifiWindowController.xib in Resources */ = {isa = PBXBuildFile; fileRef = 7677908528908E40004E7085 /* WifiWindowController.xib */; };
		769032362890EAB10043E9F3 /* WifiWindowController.xib in Resources */ = {isa = PBXBuildFile; fileRef = 7677908528908E40004E7085 /* WifiWindowController.xib */; };
		769032372890EB350043E9F3 /* WifiWindowController.swift in Sources */ = {isa = PBXBuildFile; fileRef = 7677908328908E40004E7085 /* WifiWindowController.swift */; };
		76ACEA7D2890EBF900216E6E /* WifiManager.swift in Sources */ = {isa = PBXBuildFile; fileRef = 7677908428908E40004E7085 /* WifiManager.swift */; };
		76BEF7DD2871F5F00013E2A1 /* TCSReturnWindow.m in Sources */ = {isa = PBXBuildFile; fileRef = 76BEF7DB2871F5F00013E2A1 /* TCSReturnWindow.m */; };
		76BEF7DF2871F6EB0013E2A1 /* LoginWindowControls.xib in Resources */ = {isa = PBXBuildFile; fileRef = 76BEF7DE2871F6EB0013E2A1 /* LoginWindowControls.xib */; };
		76BEF7E12871F74D0013E2A1 /* LoginWindowControlsWindowController.swift in Sources */ = {isa = PBXBuildFile; fileRef = 76BEF7E02871F74D0013E2A1 /* LoginWindowControlsWindowController.swift */; };
		76BEF7E4287202090013E2A1 /* RestartX.png in Resources */ = {isa = PBXBuildFile; fileRef = 76BEF7E2287202080013E2A1 /* RestartX.png */; };
		76BEF7E5287202090013E2A1 /* RestartX@2x.png in Resources */ = {isa = PBXBuildFile; fileRef = 76BEF7E3287202080013E2A1 /* RestartX@2x.png */; };
		76BEF7E8287202AF0013E2A1 /* ShutdownX.png in Resources */ = {isa = PBXBuildFile; fileRef = 76BEF7E6287202AF0013E2A1 /* ShutdownX.png */; };
		76BEF7E9287202AF0013E2A1 /* ShutdownX@2x.png in Resources */ = {isa = PBXBuildFile; fileRef = 76BEF7E7287202AF0013E2A1 /* ShutdownX@2x.png */; };
		76BEF7EC28724A0B0013E2A1 /* XCredsLoginMechanism.swift in Sources */ = {isa = PBXBuildFile; fileRef = 76BEF7EA28724A0B0013E2A1 /* XCredsLoginMechanism.swift */; };
		76BEF7ED28724A0C0013E2A1 /* XCredsBaseMechanism.swift in Sources */ = {isa = PBXBuildFile; fileRef = 76BEF7EB28724A0B0013E2A1 /* XCredsBaseMechanism.swift */; };
		76BEF7F328724F120013E2A1 /* XCredsPowerControlMechanism.swift in Sources */ = {isa = PBXBuildFile; fileRef = 76BEF7F228724F120013E2A1 /* XCredsPowerControlMechanism.swift */; };
		76BEF7F628724FA80013E2A1 /* NSTaskWrapper.swift in Sources */ = {isa = PBXBuildFile; fileRef = 76BEF7F528724FA80013E2A1 /* NSTaskWrapper.swift */; };
		76BEF7F82872504C0013E2A1 /* ContextAndHintHandling.swift in Sources */ = {isa = PBXBuildFile; fileRef = 76BEF7F72872504C0013E2A1 /* ContextAndHintHandling.swift */; };
		76BEF7FA28726C700013E2A1 /* AuthorizationDBManager.swift in Sources */ = {isa = PBXBuildFile; fileRef = 76BEF7F928726C700013E2A1 /* AuthorizationDBManager.swift */; };
		76BEF8002872A3030013E2A1 /* loginwindow@2x.png in Resources */ = {isa = PBXBuildFile; fileRef = 76BEF7FE2872A3030013E2A1 /* loginwindow@2x.png */; };
		76BEF8012872A3030013E2A1 /* loginwindow.png in Resources */ = {isa = PBXBuildFile; fileRef = 76BEF7FF2872A3030013E2A1 /* loginwindow.png */; };
		76CB9077287FBEEA00C70D0C /* Helper+URLDecode.swift in Sources */ = {isa = PBXBuildFile; fileRef = 76CB9076287FBEEA00C70D0C /* Helper+URLDecode.swift */; };
		76CB9078287FBEEA00C70D0C /* Helper+URLDecode.swift in Sources */ = {isa = PBXBuildFile; fileRef = 76CB9076287FBEEA00C70D0C /* Helper+URLDecode.swift */; };
		76CB907B2880E41E00C70D0C /* LogShim.swift in Sources */ = {isa = PBXBuildFile; fileRef = 7632E3A02873497C00E37923 /* LogShim.swift */; };
		76CB907E288112C200C70D0C /* xcreds_login.sh in Resources */ = {isa = PBXBuildFile; fileRef = 76CB907C288112AF00C70D0C /* xcreds_login.sh */; };
		76D7ADFB284EB15100332EBC /* TCSUnifiedLogger.m in Sources */ = {isa = PBXBuildFile; fileRef = 76D7ADF9284EB15000332EBC /* TCSUnifiedLogger.m */; };
		76D7ADFE284EB18600332EBC /* NSFileManager+TCSRealHomeFolder.m in Sources */ = {isa = PBXBuildFile; fileRef = 76D7ADFC284EB18600332EBC /* NSFileManager+TCSRealHomeFolder.m */; };
		76D925D32894ADB4005C3245 /* Assets.xcassets in Resources */ = {isa = PBXBuildFile; fileRef = 76EE069F27FD1D01009E0F3A /* Assets.xcassets */; };
		76DC0A6828836EB1007C42B2 /* AppDelegate.swift in Sources */ = {isa = PBXBuildFile; fileRef = 76DC0A6728836EB1007C42B2 /* AppDelegate.swift */; };
		76DC0A6A28836EB2007C42B2 /* Assets.xcassets in Resources */ = {isa = PBXBuildFile; fileRef = 76DC0A6928836EB2007C42B2 /* Assets.xcassets */; };
		76DC0A6D28836EB2007C42B2 /* MainMenu.xib in Resources */ = {isa = PBXBuildFile; fileRef = 76DC0A6B28836EB2007C42B2 /* MainMenu.xib */; };
		76DC0A7328836EFE007C42B2 /* TCSReturnWindow.m in Sources */ = {isa = PBXBuildFile; fileRef = 76BEF7DB2871F5F00013E2A1 /* TCSReturnWindow.m */; };
		76DC0A7428836F45007C42B2 /* RestartX@2x.png in Resources */ = {isa = PBXBuildFile; fileRef = 76BEF7E3287202080013E2A1 /* RestartX@2x.png */; };
		76DC0A79288370BA007C42B2 /* com.twocanoes.xcreds-overlay.plist in Resources */ = {isa = PBXBuildFile; fileRef = 76DC0A78288370BA007C42B2 /* com.twocanoes.xcreds-overlay.plist */; };
		76DC0A7C28837158007C42B2 /* XCreds Login Overlay.app in Resources */ = {isa = PBXBuildFile; fileRef = 76DC0A6528836EB1007C42B2 /* XCreds Login Overlay.app */; };
		76DC0A7E288376BC007C42B2 /* TCSXCredsLoginOverlayWindow.swift in Sources */ = {isa = PBXBuildFile; fileRef = 76DC0A7D288376BC007C42B2 /* TCSXCredsLoginOverlayWindow.swift */; };
		76DC0A83288382D2007C42B2 /* returnArrow.png in Resources */ = {isa = PBXBuildFile; fileRef = 76DC0A7628837028007C42B2 /* returnArrow.png */; };
		76DC0A8428838375007C42B2 /* AuthorizationDBManager.swift in Sources */ = {isa = PBXBuildFile; fileRef = 76BEF7F928726C700013E2A1 /* AuthorizationDBManager.swift */; };
		76DC0A8528838467007C42B2 /* Logger.swift in Sources */ = {isa = PBXBuildFile; fileRef = 76EECCFF2875135900483C66 /* Logger.swift */; };
		76DC0A8628838656007C42B2 /* TCSUnifiedLogger.m in Sources */ = {isa = PBXBuildFile; fileRef = 76D7ADF9284EB15000332EBC /* TCSUnifiedLogger.m */; };
		76DC0A87288386FA007C42B2 /* NSTaskWrapper.swift in Sources */ = {isa = PBXBuildFile; fileRef = 76BEF7F528724FA80013E2A1 /* NSTaskWrapper.swift */; };
		76DC0A88288387D8007C42B2 /* NSFileManager+TCSRealHomeFolder.m in Sources */ = {isa = PBXBuildFile; fileRef = 76D7ADFC284EB18600332EBC /* NSFileManager+TCSRealHomeFolder.m */; };
		76DD6D17285997F300A700ED /* OIDCLite in Frameworks */ = {isa = PBXBuildFile; productRef = 76DD6D16285997F300A700ED /* OIDCLite */; };
		76EB8410285C28F0001AE215 /* ChangePasswordMenuItem.swift in Sources */ = {isa = PBXBuildFile; fileRef = 76EB840F285C28F0001AE215 /* ChangePasswordMenuItem.swift */; };
		76EE069E27FD1D00009E0F3A /* AppDelegate.swift in Sources */ = {isa = PBXBuildFile; fileRef = 76EE069D27FD1D00009E0F3A /* AppDelegate.swift */; };
		76EE06A027FD1D01009E0F3A /* Assets.xcassets in Resources */ = {isa = PBXBuildFile; fileRef = 76EE069F27FD1D01009E0F3A /* Assets.xcassets */; };
		76EE06A327FD1D01009E0F3A /* MainMenu.xib in Resources */ = {isa = PBXBuildFile; fileRef = 76EE06A127FD1D01009E0F3A /* MainMenu.xib */; };
		76EE06AC27FD1D92009E0F3A /* TokenManager.swift in Sources */ = {isa = PBXBuildFile; fileRef = 76EE06AB27FD1D92009E0F3A /* TokenManager.swift */; };
		76EE06AE27FD1DC3009E0F3A /* PrefKeys.swift in Sources */ = {isa = PBXBuildFile; fileRef = 76EE06AD27FD1DC3009E0F3A /* PrefKeys.swift */; };
		76EE06B027FD1DD8009E0F3A /* Window+ForceToFront.swift in Sources */ = {isa = PBXBuildFile; fileRef = 76EE06AF27FD1DD8009E0F3A /* Window+ForceToFront.swift */; };
		76EE06B227FD1E24009E0F3A /* WebView.xib in Resources */ = {isa = PBXBuildFile; fileRef = 76EE06B127FD1E24009E0F3A /* WebView.xib */; };
		76EE06B627FD1E79009E0F3A /* PreferencesWindow.xib in Resources */ = {isa = PBXBuildFile; fileRef = 76EE06B527FD1E79009E0F3A /* PreferencesWindow.xib */; };
		76EE06B827FD1EB7009E0F3A /* PreferencesWindowController.swift in Sources */ = {isa = PBXBuildFile; fileRef = 76EE06B727FD1EB7009E0F3A /* PreferencesWindowController.swift */; };
		76EE06BA27FD1EE8009E0F3A /* SignInMenuItem.swift in Sources */ = {isa = PBXBuildFile; fileRef = 76EE06B927FD1EE8009E0F3A /* SignInMenuItem.swift */; };
		76EE06BC27FD1EFE009E0F3A /* PrefsMenuItem.swift in Sources */ = {isa = PBXBuildFile; fileRef = 76EE06BB27FD1EFE009E0F3A /* PrefsMenuItem.swift */; };
		76EE06BE27FD1F13009E0F3A /* CheckTokenMenuItem.swift in Sources */ = {isa = PBXBuildFile; fileRef = 76EE06BD27FD1F13009E0F3A /* CheckTokenMenuItem.swift */; };
		76EE06C227FD1F50009E0F3A /* MainMenu.swift in Sources */ = {isa = PBXBuildFile; fileRef = 76EE06C127FD1F50009E0F3A /* MainMenu.swift */; };
		76EECCFB2873DFFB00483C66 /* PasswordUtils.swift in Sources */ = {isa = PBXBuildFile; fileRef = 767116AB284AB4C000CCD6FF /* PasswordUtils.swift */; };
		76EECCFC2873E6E200483C66 /* LoginPasswordWindowController.xib in Resources */ = {isa = PBXBuildFile; fileRef = 764D8125284BC1C300B3EE54 /* LoginPasswordWindowController.xib */; };
		76EECCFD2873E9ED00483C66 /* LoginPasswordWindowController.swift in Sources */ = {isa = PBXBuildFile; fileRef = 764D8124284BC1C300B3EE54 /* LoginPasswordWindowController.swift */; };
		76EECCFE2873EA6500483C66 /* Window+Shake.swift in Sources */ = {isa = PBXBuildFile; fileRef = 764D8128284BCAB100B3EE54 /* Window+Shake.swift */; };
		76EECD002875135900483C66 /* Logger.swift in Sources */ = {isa = PBXBuildFile; fileRef = 76EECCFF2875135900483C66 /* Logger.swift */; };
		76EECD012875135900483C66 /* Logger.swift in Sources */ = {isa = PBXBuildFile; fileRef = 76EECCFF2875135900483C66 /* Logger.swift */; };
		76EECD0228752C1F00483C66 /* LoginWindow.swift in Sources */ = {isa = PBXBuildFile; fileRef = 766355E128713C47002E3867 /* LoginWindow.swift */; };
		76EECD0428753C7F00483C66 /* String+Base64URLEncoded.swift in Sources */ = {isa = PBXBuildFile; fileRef = 76EECD0328753C7F00483C66 /* String+Base64URLEncoded.swift */; };
		76EECD0528753C7F00483C66 /* String+Base64URLEncoded.swift in Sources */ = {isa = PBXBuildFile; fileRef = 76EECD0328753C7F00483C66 /* String+Base64URLEncoded.swift */; };
/* End PBXBuildFile section */

/* Begin PBXContainerItemProxy section */
		76319375287E19A500D36BF7 /* PBXContainerItemProxy */ = {
			isa = PBXContainerItemProxy;
			containerPortal = 76EE069227FD1D00009E0F3A /* Project object */;
			proxyType = 1;
			remoteGlobalIDString = 766355BC2870CA6A002E3867;
			remoteInfo = XCredsLoginPlugin;
		};
		76319378287E204500D36BF7 /* PBXContainerItemProxy */ = {
			isa = PBXContainerItemProxy;
			containerPortal = 76EE069227FD1D00009E0F3A /* Project object */;
			proxyType = 1;
			remoteGlobalIDString = 7631935C287D22C700D36BF7;
			remoteInfo = authrights;
		};
		76DC0A7A28837152007C42B2 /* PBXContainerItemProxy */ = {
			isa = PBXContainerItemProxy;
			containerPortal = 76EE069227FD1D00009E0F3A /* Project object */;
			proxyType = 1;
			remoteGlobalIDString = 76DC0A6428836EB1007C42B2;
			remoteInfo = "XCreds Login Overlay";
		};
/* End PBXContainerItemProxy section */

/* Begin PBXCopyFilesBuildPhase section */
		7631935B287D22C700D36BF7 /* CopyFiles */ = {
			isa = PBXCopyFilesBuildPhase;
			buildActionMask = 2147483647;
			dstPath = /usr/share/man/man1/;
			dstSubfolderSpec = 0;
			files = (
			);
			runOnlyForDeploymentPostprocessing = 1;
		};
/* End PBXCopyFilesBuildPhase section */

/* Begin PBXFileReference section */
		7611CEBF288B75140063A644 /* XCredsCreateUser.swift */ = {isa = PBXFileReference; fileEncoding = 4; lastKnownFileType = sourcecode.swift; path = XCredsCreateUser.swift; sourceTree = "<group>"; };
		7611CEC1288B96760063A644 /* XCredsEnableFDE.swift */ = {isa = PBXFileReference; fileEncoding = 4; lastKnownFileType = sourcecode.swift; path = XCredsEnableFDE.swift; sourceTree = "<group>"; };
		7631935D287D22C700D36BF7 /* authrights */ = {isa = PBXFileReference; explicitFileType = "compiled.mach-o.executable"; includeInIndex = 0; path = authrights; sourceTree = BUILT_PRODUCTS_DIR; };
		7631935F287D22C700D36BF7 /* authrights.swift */ = {isa = PBXFileReference; lastKnownFileType = sourcecode.swift; path = authrights.swift; sourceTree = "<group>"; };
		7632909B2876673500CF8857 /* DataExtension.swift */ = {isa = PBXFileReference; fileEncoding = 4; lastKnownFileType = sourcecode.swift; path = DataExtension.swift; sourceTree = "<group>"; };
		7632E39E287347C100E37923 /* XCredsKeychainAdd.swift */ = {isa = PBXFileReference; fileEncoding = 4; lastKnownFileType = sourcecode.swift; path = XCredsKeychainAdd.swift; sourceTree = "<group>"; };
		7632E3A02873497C00E37923 /* LogShim.swift */ = {isa = PBXFileReference; lastKnownFileType = sourcecode.swift; name = LogShim.swift; path = Mechanisms/LogShim.swift; sourceTree = "<group>"; };
		764D8124284BC1C300B3EE54 /* LoginPasswordWindowController.swift */ = {isa = PBXFileReference; lastKnownFileType = sourcecode.swift; path = LoginPasswordWindowController.swift; sourceTree = "<group>"; };
		764D8125284BC1C300B3EE54 /* LoginPasswordWindowController.xib */ = {isa = PBXFileReference; lastKnownFileType = file.xib; path = LoginPasswordWindowController.xib; sourceTree = "<group>"; };
		764D8128284BCAB100B3EE54 /* Window+Shake.swift */ = {isa = PBXFileReference; lastKnownFileType = sourcecode.swift; path = "Window+Shake.swift"; sourceTree = "<group>"; };
		764D812A284BCC7400B3EE54 /* VerifyOIDCPasswordWindowController.swift */ = {isa = PBXFileReference; fileEncoding = 4; lastKnownFileType = sourcecode.swift; path = VerifyOIDCPasswordWindowController.swift; sourceTree = "<group>"; };
		764D812B284BCC7400B3EE54 /* VerifyOIDCPassword.xib */ = {isa = PBXFileReference; fileEncoding = 4; lastKnownFileType = file.xib; path = VerifyOIDCPassword.xib; sourceTree = "<group>"; };
		764D812E284C06AB00B3EE54 /* defaults.plist */ = {isa = PBXFileReference; lastKnownFileType = text.plist.xml; path = defaults.plist; sourceTree = "<group>"; };
		764D8130284D11EE00B3EE54 /* AboutMenuItem.swift */ = {isa = PBXFileReference; fileEncoding = 4; lastKnownFileType = sourcecode.swift; path = AboutMenuItem.swift; sourceTree = "<group>"; };
		764D8132284D14A500B3EE54 /* Credits.rtf */ = {isa = PBXFileReference; fileEncoding = 4; lastKnownFileType = text.rtf; path = Credits.rtf; sourceTree = "<group>"; };
		766355BD2870CA6A002E3867 /* XCredsLoginPlugin.bundle */ = {isa = PBXFileReference; explicitFileType = wrapper.cfbundle; includeInIndex = 0; path = XCredsLoginPlugin.bundle; sourceTree = BUILT_PRODUCTS_DIR; };
		766355C12870CB6F002E3867 /* XCredsLoginPlugin.h */ = {isa = PBXFileReference; lastKnownFileType = sourcecode.c.h; name = XCredsLoginPlugin.h; path = XCredsLoginPlugIn/XCredsLoginPlugin.h; sourceTree = SOURCE_ROOT; };
		766355C22870CB6F002E3867 /* XCredsLoginPlugin.m */ = {isa = PBXFileReference; lastKnownFileType = sourcecode.c.objc; name = XCredsLoginPlugin.m; path = XCredsLoginPlugIn/XCredsLoginPlugin.m; sourceTree = SOURCE_ROOT; };
		766355C42870CCC3002E3867 /* XCredsLoginPlugin-Bridging-Header.h */ = {isa = PBXFileReference; lastKnownFileType = sourcecode.c.h; path = "XCredsLoginPlugin-Bridging-Header.h"; sourceTree = "<group>"; };
		766355D22870F29A002E3867 /* TestWindowController.swift */ = {isa = PBXFileReference; lastKnownFileType = sourcecode.swift; name = TestWindowController.swift; path = XCredsLoginPlugIn/TestWindowController.swift; sourceTree = "<group>"; };
		766355D32870F29A002E3867 /* TestWindowController.xib */ = {isa = PBXFileReference; lastKnownFileType = file.xib; name = TestWindowController.xib; path = XCredsLoginPlugIn/TestWindowController.xib; sourceTree = "<group>"; };
		766355DA287132E9002E3867 /* LoginWebViewController.swift */ = {isa = PBXFileReference; fileEncoding = 4; lastKnownFileType = sourcecode.swift; name = LoginWebViewController.swift; path = XCredsLoginPlugIn/LoginWindow/LoginWebViewController.swift; sourceTree = SOURCE_ROOT; };
		766355DD28713485002E3867 /* LoginWebView.xib */ = {isa = PBXFileReference; fileEncoding = 4; lastKnownFileType = file.xib; name = LoginWebView.xib; path = XCredsLoginPlugIn/LoginWindow/LoginWebView.xib; sourceTree = SOURCE_ROOT; };
		766355E128713C47002E3867 /* LoginWindow.swift */ = {isa = PBXFileReference; fileEncoding = 4; lastKnownFileType = sourcecode.swift; path = LoginWindow.swift; sourceTree = "<group>"; };
		766355E4287148C1002E3867 /* Tokens.swift */ = {isa = PBXFileReference; lastKnownFileType = sourcecode.swift; name = Tokens.swift; path = Shared/Tokens.swift; sourceTree = SOURCE_ROOT; };
		766F4C4A2883AFD90021F548 /* pleaseWaitGraphic.png */ = {isa = PBXFileReference; lastKnownFileType = image.png; path = pleaseWaitGraphic.png; sourceTree = "<group>"; };
		767116A6284AABC500CCD6FF /* NotifyManager.swift */ = {isa = PBXFileReference; lastKnownFileType = sourcecode.swift; path = NotifyManager.swift; sourceTree = "<group>"; };
		767116A8284AAE2B00CCD6FF /* ScheduleManager.swift */ = {isa = PBXFileReference; lastKnownFileType = sourcecode.swift; path = ScheduleManager.swift; sourceTree = "<group>"; };
		767116AB284AB4C000CCD6FF /* PasswordUtils.swift */ = {isa = PBXFileReference; lastKnownFileType = sourcecode.swift; path = PasswordUtils.swift; sourceTree = "<group>"; };
		767116AD284AB59400CCD6FF /* SecurityPrivateAPI.h */ = {isa = PBXFileReference; lastKnownFileType = sourcecode.c.h; path = SecurityPrivateAPI.h; sourceTree = "<group>"; };
		767116AE284AB5D900CCD6FF /* XCreds-Bridging-Header.h */ = {isa = PBXFileReference; lastKnownFileType = sourcecode.c.h; path = "XCreds-Bridging-Header.h"; sourceTree = "<group>"; };
		767116B0284B021500CCD6FF /* MainController.swift */ = {isa = PBXFileReference; lastKnownFileType = sourcecode.swift; path = MainController.swift; sourceTree = "<group>"; };
		767116B2284B045800CCD6FF /* KeychainUtil.swift */ = {isa = PBXFileReference; fileEncoding = 4; lastKnownFileType = sourcecode.swift; path = KeychainUtil.swift; sourceTree = "<group>"; };
		7675444428918CD100613840 /* Info.plist */ = {isa = PBXFileReference; lastKnownFileType = text.plist; name = Info.plist; path = XCredsLoginPlugin/Info.plist; sourceTree = "<group>"; };
		7677908328908E40004E7085 /* WifiWindowController.swift */ = {isa = PBXFileReference; fileEncoding = 4; lastKnownFileType = sourcecode.swift; path = WifiWindowController.swift; sourceTree = "<group>"; };
		7677908428908E40004E7085 /* WifiManager.swift */ = {isa = PBXFileReference; fileEncoding = 4; lastKnownFileType = sourcecode.swift; path = WifiManager.swift; sourceTree = "<group>"; };
		7677908528908E40004E7085 /* WifiWindowController.xib */ = {isa = PBXFileReference; fileEncoding = 4; lastKnownFileType = file.xib; path = WifiWindowController.xib; sourceTree = "<group>"; };
		76BEF7D42871F36C0013E2A1 /* main.swift */ = {isa = PBXFileReference; lastKnownFileType = sourcecode.swift; path = main.swift; sourceTree = "<group>"; };
		76BEF7DB2871F5F00013E2A1 /* TCSReturnWindow.m */ = {isa = PBXFileReference; fileEncoding = 4; lastKnownFileType = sourcecode.c.objc; path = TCSReturnWindow.m; sourceTree = "<group>"; };
		76BEF7DC2871F5F00013E2A1 /* TCSReturnWindow.h */ = {isa = PBXFileReference; fileEncoding = 4; lastKnownFileType = sourcecode.c.h; path = TCSReturnWindow.h; sourceTree = "<group>"; };
		76BEF7DE2871F6EB0013E2A1 /* LoginWindowControls.xib */ = {isa = PBXFileReference; lastKnownFileType = file.xib; path = LoginWindowControls.xib; sourceTree = "<group>"; };
		76BEF7E02871F74D0013E2A1 /* LoginWindowControlsWindowController.swift */ = {isa = PBXFileReference; lastKnownFileType = sourcecode.swift; path = LoginWindowControlsWindowController.swift; sourceTree = "<group>"; };
		76BEF7E2287202080013E2A1 /* RestartX.png */ = {isa = PBXFileReference; lastKnownFileType = image.png; path = RestartX.png; sourceTree = "<group>"; };
		76BEF7E3287202080013E2A1 /* RestartX@2x.png */ = {isa = PBXFileReference; lastKnownFileType = image.png; path = "RestartX@2x.png"; sourceTree = "<group>"; };
		76BEF7E6287202AF0013E2A1 /* ShutdownX.png */ = {isa = PBXFileReference; lastKnownFileType = image.png; path = ShutdownX.png; sourceTree = "<group>"; };
		76BEF7E7287202AF0013E2A1 /* ShutdownX@2x.png */ = {isa = PBXFileReference; lastKnownFileType = image.png; path = "ShutdownX@2x.png"; sourceTree = "<group>"; };
		76BEF7EA28724A0B0013E2A1 /* XCredsLoginMechanism.swift */ = {isa = PBXFileReference; fileEncoding = 4; lastKnownFileType = sourcecode.swift; path = XCredsLoginMechanism.swift; sourceTree = "<group>"; };
		76BEF7EB28724A0B0013E2A1 /* XCredsBaseMechanism.swift */ = {isa = PBXFileReference; fileEncoding = 4; lastKnownFileType = sourcecode.swift; path = XCredsBaseMechanism.swift; sourceTree = "<group>"; };
		76BEF7F228724F120013E2A1 /* XCredsPowerControlMechanism.swift */ = {isa = PBXFileReference; fileEncoding = 4; lastKnownFileType = sourcecode.swift; path = XCredsPowerControlMechanism.swift; sourceTree = "<group>"; };
		76BEF7F528724FA80013E2A1 /* NSTaskWrapper.swift */ = {isa = PBXFileReference; fileEncoding = 4; lastKnownFileType = sourcecode.swift; path = NSTaskWrapper.swift; sourceTree = "<group>"; };
		76BEF7F72872504C0013E2A1 /* ContextAndHintHandling.swift */ = {isa = PBXFileReference; fileEncoding = 4; lastKnownFileType = sourcecode.swift; path = ContextAndHintHandling.swift; sourceTree = "<group>"; };
		76BEF7F928726C700013E2A1 /* AuthorizationDBManager.swift */ = {isa = PBXFileReference; lastKnownFileType = sourcecode.swift; name = AuthorizationDBManager.swift; path = XCredsLoginPlugIn/LoginWindow/AuthorizationDBManager.swift; sourceTree = SOURCE_ROOT; };
		76BEF7FE2872A3030013E2A1 /* loginwindow@2x.png */ = {isa = PBXFileReference; lastKnownFileType = image.png; path = "loginwindow@2x.png"; sourceTree = "<group>"; };
		76BEF7FF2872A3030013E2A1 /* loginwindow.png */ = {isa = PBXFileReference; lastKnownFileType = image.png; path = loginwindow.png; sourceTree = "<group>"; };
		76CB9076287FBEEA00C70D0C /* Helper+URLDecode.swift */ = {isa = PBXFileReference; lastKnownFileType = sourcecode.swift; path = "Helper+URLDecode.swift"; sourceTree = "<group>"; };
		76CB907C288112AF00C70D0C /* xcreds_login.sh */ = {isa = PBXFileReference; fileEncoding = 4; lastKnownFileType = text.script.sh; path = xcreds_login.sh; sourceTree = "<group>"; };
		76D7ADF9284EB15000332EBC /* TCSUnifiedLogger.m */ = {isa = PBXFileReference; fileEncoding = 4; lastKnownFileType = sourcecode.c.objc; path = TCSUnifiedLogger.m; sourceTree = "<group>"; };
		76D7ADFA284EB15100332EBC /* TCSUnifiedLogger.h */ = {isa = PBXFileReference; fileEncoding = 4; lastKnownFileType = sourcecode.c.h; path = TCSUnifiedLogger.h; sourceTree = "<group>"; };
		76D7ADFC284EB18600332EBC /* NSFileManager+TCSRealHomeFolder.m */ = {isa = PBXFileReference; fileEncoding = 4; lastKnownFileType = sourcecode.c.objc; path = "NSFileManager+TCSRealHomeFolder.m"; sourceTree = "<group>"; };
		76D7ADFD284EB18600332EBC /* NSFileManager+TCSRealHomeFolder.h */ = {isa = PBXFileReference; fileEncoding = 4; lastKnownFileType = sourcecode.c.h; path = "NSFileManager+TCSRealHomeFolder.h"; sourceTree = "<group>"; };
		76DC0A6528836EB1007C42B2 /* XCreds Login Overlay.app */ = {isa = PBXFileReference; explicitFileType = wrapper.application; includeInIndex = 0; path = "XCreds Login Overlay.app"; sourceTree = BUILT_PRODUCTS_DIR; };
		76DC0A6728836EB1007C42B2 /* AppDelegate.swift */ = {isa = PBXFileReference; lastKnownFileType = sourcecode.swift; path = AppDelegate.swift; sourceTree = "<group>"; };
		76DC0A6928836EB2007C42B2 /* Assets.xcassets */ = {isa = PBXFileReference; lastKnownFileType = folder.assetcatalog; path = Assets.xcassets; sourceTree = "<group>"; };
		76DC0A6C28836EB2007C42B2 /* Base */ = {isa = PBXFileReference; lastKnownFileType = file.xib; name = Base; path = Base.lproj/MainMenu.xib; sourceTree = "<group>"; };
		76DC0A6E28836EB2007C42B2 /* XCreds_Login_Overlay.entitlements */ = {isa = PBXFileReference; lastKnownFileType = text.plist.entitlements; path = XCreds_Login_Overlay.entitlements; sourceTree = "<group>"; };
		76DC0A7628837028007C42B2 /* returnArrow.png */ = {isa = PBXFileReference; lastKnownFileType = image.png; path = returnArrow.png; sourceTree = "<group>"; };
		76DC0A78288370BA007C42B2 /* com.twocanoes.xcreds-overlay.plist */ = {isa = PBXFileReference; fileEncoding = 4; lastKnownFileType = text.plist.xml; path = "com.twocanoes.xcreds-overlay.plist"; sourceTree = "<group>"; };
		76DC0A7D288376BC007C42B2 /* TCSXCredsLoginOverlayWindow.swift */ = {isa = PBXFileReference; lastKnownFileType = sourcecode.swift; path = TCSXCredsLoginOverlayWindow.swift; sourceTree = "<group>"; };
		76DC0A7F2883785A007C42B2 /* XCreds-Login-Overlay-Info.plist */ = {isa = PBXFileReference; lastKnownFileType = text.plist; path = "XCreds-Login-Overlay-Info.plist"; sourceTree = SOURCE_ROOT; };
		76DD6D122859978F00A700ED /* OIDCLite */ = {isa = PBXFileReference; lastKnownFileType = wrapper; name = OIDCLite; path = ../OIDCLite; sourceTree = "<group>"; };
		76EB840F285C28F0001AE215 /* ChangePasswordMenuItem.swift */ = {isa = PBXFileReference; fileEncoding = 4; lastKnownFileType = sourcecode.swift; path = ChangePasswordMenuItem.swift; sourceTree = "<group>"; };
		76EE069A27FD1D00009E0F3A /* XCreds.app */ = {isa = PBXFileReference; explicitFileType = wrapper.application; includeInIndex = 0; path = XCreds.app; sourceTree = BUILT_PRODUCTS_DIR; };
		76EE069D27FD1D00009E0F3A /* AppDelegate.swift */ = {isa = PBXFileReference; lastKnownFileType = sourcecode.swift; path = AppDelegate.swift; sourceTree = "<group>"; };
		76EE069F27FD1D01009E0F3A /* Assets.xcassets */ = {isa = PBXFileReference; lastKnownFileType = folder.assetcatalog; path = Assets.xcassets; sourceTree = "<group>"; };
		76EE06A227FD1D01009E0F3A /* Base */ = {isa = PBXFileReference; lastKnownFileType = file.xib; name = Base; path = Base.lproj/MainMenu.xib; sourceTree = "<group>"; };
		76EE06A427FD1D01009E0F3A /* xCreds.entitlements */ = {isa = PBXFileReference; lastKnownFileType = text.plist.entitlements; path = xCreds.entitlements; sourceTree = "<group>"; };
		76EE06AA27FD1D66009E0F3A /* Info.plist */ = {isa = PBXFileReference; lastKnownFileType = text.plist; path = Info.plist; sourceTree = "<group>"; };
		76EE06AB27FD1D92009E0F3A /* TokenManager.swift */ = {isa = PBXFileReference; lastKnownFileType = sourcecode.swift; path = TokenManager.swift; sourceTree = "<group>"; };
		76EE06AD27FD1DC3009E0F3A /* PrefKeys.swift */ = {isa = PBXFileReference; lastKnownFileType = sourcecode.swift; path = PrefKeys.swift; sourceTree = "<group>"; };
		76EE06AF27FD1DD8009E0F3A /* Window+ForceToFront.swift */ = {isa = PBXFileReference; lastKnownFileType = sourcecode.swift; path = "Window+ForceToFront.swift"; sourceTree = "<group>"; };
		76EE06B127FD1E24009E0F3A /* WebView.xib */ = {isa = PBXFileReference; lastKnownFileType = file.xib; path = WebView.xib; sourceTree = "<group>"; };
		76EE06B327FD1E5F009E0F3A /* WebView.swift */ = {isa = PBXFileReference; lastKnownFileType = sourcecode.swift; path = WebView.swift; sourceTree = "<group>"; };
		76EE06B527FD1E79009E0F3A /* PreferencesWindow.xib */ = {isa = PBXFileReference; lastKnownFileType = file.xib; path = PreferencesWindow.xib; sourceTree = "<group>"; };
		76EE06B727FD1EB7009E0F3A /* PreferencesWindowController.swift */ = {isa = PBXFileReference; lastKnownFileType = sourcecode.swift; path = PreferencesWindowController.swift; sourceTree = "<group>"; };
		76EE06B927FD1EE8009E0F3A /* SignInMenuItem.swift */ = {isa = PBXFileReference; lastKnownFileType = sourcecode.swift; path = SignInMenuItem.swift; sourceTree = "<group>"; };
		76EE06BB27FD1EFE009E0F3A /* PrefsMenuItem.swift */ = {isa = PBXFileReference; lastKnownFileType = sourcecode.swift; path = PrefsMenuItem.swift; sourceTree = "<group>"; };
		76EE06BD27FD1F13009E0F3A /* CheckTokenMenuItem.swift */ = {isa = PBXFileReference; lastKnownFileType = sourcecode.swift; path = CheckTokenMenuItem.swift; sourceTree = "<group>"; };
		76EE06C127FD1F50009E0F3A /* MainMenu.swift */ = {isa = PBXFileReference; lastKnownFileType = sourcecode.swift; path = MainMenu.swift; sourceTree = "<group>"; };
		76EECCFF2875135900483C66 /* Logger.swift */ = {isa = PBXFileReference; lastKnownFileType = sourcecode.swift; path = Logger.swift; sourceTree = "<group>"; };
		76EECD0328753C7F00483C66 /* String+Base64URLEncoded.swift */ = {isa = PBXFileReference; fileEncoding = 4; lastKnownFileType = sourcecode.swift; path = "String+Base64URLEncoded.swift"; sourceTree = "<group>"; };
/* End PBXFileReference section */

/* Begin PBXFrameworksBuildPhase section */
		7631935A287D22C700D36BF7 /* Frameworks */ = {
			isa = PBXFrameworksBuildPhase;
			buildActionMask = 2147483647;
			files = (
				7631936B287D25E400D36BF7 /* ArgumentParser in Frameworks */,
			);
			runOnlyForDeploymentPostprocessing = 0;
		};
		766355BA2870CA6A002E3867 /* Frameworks */ = {
			isa = PBXFrameworksBuildPhase;
			buildActionMask = 2147483647;
			files = (
				766355CE2870E9D3002E3867 /* OIDCLite in Frameworks */,
			);
			runOnlyForDeploymentPostprocessing = 0;
		};
		76DC0A6228836EB1007C42B2 /* Frameworks */ = {
			isa = PBXFrameworksBuildPhase;
			buildActionMask = 2147483647;
			files = (
			);
			runOnlyForDeploymentPostprocessing = 0;
		};
		76EE069727FD1D00009E0F3A /* Frameworks */ = {
			isa = PBXFrameworksBuildPhase;
			buildActionMask = 2147483647;
			files = (
				76319369287D24F600D36BF7 /* ArgumentParser in Frameworks */,
				76319366287D24E100D36BF7 /* ArgumentParser in Frameworks */,
				76DD6D17285997F300A700ED /* OIDCLite in Frameworks */,
			);
			runOnlyForDeploymentPostprocessing = 0;
		};
/* End PBXFrameworksBuildPhase section */

/* Begin PBXGroup section */
		7631935E287D22C700D36BF7 /* authrights */ = {
			isa = PBXGroup;
			children = (
				7631935F287D22C700D36BF7 /* authrights.swift */,
			);
			path = authrights;
			sourceTree = "<group>";
		};
		766355C72870D1B5002E3867 /* XCredsLogin */ = {
			isa = PBXGroup;
			children = (
				7677908428908E40004E7085 /* WifiManager.swift */,
				7677908328908E40004E7085 /* WifiWindowController.swift */,
				7677908528908E40004E7085 /* WifiWindowController.xib */,
				76EECD0328753C7F00483C66 /* String+Base64URLEncoded.swift */,
				7632E3A02873497C00E37923 /* LogShim.swift */,
				76BEF7F72872504C0013E2A1 /* ContextAndHintHandling.swift */,
				76BEF7F528724FA80013E2A1 /* NSTaskWrapper.swift */,
				766355C12870CB6F002E3867 /* XCredsLoginPlugin.h */,
				766355C22870CB6F002E3867 /* XCredsLoginPlugin.m */,
				76BEF7F028724E520013E2A1 /* LoginWindow */,
				76BEF7EF28724E280013E2A1 /* Mechanisms */,
			);
			name = XCredsLogin;
			path = XCredsLoginPlugIn;
			sourceTree = "<group>";
		};
		76BEF7D32871F36C0013E2A1 /* FakeTrue */ = {
			isa = PBXGroup;
			children = (
				76BEF7D42871F36C0013E2A1 /* main.swift */,
			);
			path = FakeTrue;
			sourceTree = "<group>";
		};
		76BEF7EF28724E280013E2A1 /* Mechanisms */ = {
			isa = PBXGroup;
			children = (
				7611CEC1288B96760063A644 /* XCredsEnableFDE.swift */,
				7611CEBF288B75140063A644 /* XCredsCreateUser.swift */,
				7632E39E287347C100E37923 /* XCredsKeychainAdd.swift */,
				76BEF7F228724F120013E2A1 /* XCredsPowerControlMechanism.swift */,
				76BEF7EA28724A0B0013E2A1 /* XCredsLoginMechanism.swift */,
				76BEF7EB28724A0B0013E2A1 /* XCredsBaseMechanism.swift */,
			);
			path = Mechanisms;
			sourceTree = "<group>";
		};
		76BEF7F028724E520013E2A1 /* LoginWindow */ = {
			isa = PBXGroup;
			children = (
				76CB907C288112AF00C70D0C /* xcreds_login.sh */,
				76BEF7F928726C700013E2A1 /* AuthorizationDBManager.swift */,
				76BEF7F128724EB60013E2A1 /* images */,
				76BEF7DC2871F5F00013E2A1 /* TCSReturnWindow.h */,
				76BEF7DB2871F5F00013E2A1 /* TCSReturnWindow.m */,
				76BEF7E02871F74D0013E2A1 /* LoginWindowControlsWindowController.swift */,
				766355DA287132E9002E3867 /* LoginWebViewController.swift */,
				766355E128713C47002E3867 /* LoginWindow.swift */,
				766355DD28713485002E3867 /* LoginWebView.xib */,
				76BEF7DE2871F6EB0013E2A1 /* LoginWindowControls.xib */,
			);
			path = LoginWindow;
			sourceTree = "<group>";
		};
		76BEF7F128724EB60013E2A1 /* images */ = {
			isa = PBXGroup;
			children = (
				76BEF7FF2872A3030013E2A1 /* loginwindow.png */,
				76BEF7FE2872A3030013E2A1 /* loginwindow@2x.png */,
				76BEF7E6287202AF0013E2A1 /* ShutdownX.png */,
				76BEF7E7287202AF0013E2A1 /* ShutdownX@2x.png */,
				76BEF7E2287202080013E2A1 /* RestartX.png */,
				76BEF7E3287202080013E2A1 /* RestartX@2x.png */,
			);
			path = images;
			sourceTree = "<group>";
		};
		76DC0A6628836EB1007C42B2 /* XCreds Login Overlay */ = {
			isa = PBXGroup;
			children = (
				766F4C4A2883AFD90021F548 /* pleaseWaitGraphic.png */,
				76DC0A7F2883785A007C42B2 /* XCreds-Login-Overlay-Info.plist */,
				76DC0A7D288376BC007C42B2 /* TCSXCredsLoginOverlayWindow.swift */,
				76DC0A78288370BA007C42B2 /* com.twocanoes.xcreds-overlay.plist */,
				76DC0A7628837028007C42B2 /* returnArrow.png */,
				76DC0A6728836EB1007C42B2 /* AppDelegate.swift */,
				76DC0A6928836EB2007C42B2 /* Assets.xcassets */,
				76DC0A6B28836EB2007C42B2 /* MainMenu.xib */,
				76DC0A6E28836EB2007C42B2 /* XCreds_Login_Overlay.entitlements */,
			);
			path = "XCreds Login Overlay";
			sourceTree = "<group>";
		};
		76DD6D112859978F00A700ED /* Packages */ = {
			isa = PBXGroup;
			children = (
				76DD6D122859978F00A700ED /* OIDCLite */,
			);
			name = Packages;
			sourceTree = "<group>";
		};
		76DD6D15285997F300A700ED /* Frameworks */ = {
			isa = PBXGroup;
			children = (
			);
			name = Frameworks;
			sourceTree = "<group>";
		};
		76EE069127FD1D00009E0F3A = {
			isa = PBXGroup;
			children = (
				7675444428918CD100613840 /* Info.plist */,
				76CB9076287FBEEA00C70D0C /* Helper+URLDecode.swift */,
				7632909B2876673500CF8857 /* DataExtension.swift */,
				766355D22870F29A002E3867 /* TestWindowController.swift */,
				766355D32870F29A002E3867 /* TestWindowController.xib */,
				76DD6D112859978F00A700ED /* Packages */,
				766355C72870D1B5002E3867 /* XCredsLogin */,
				76EE069C27FD1D00009E0F3A /* XCreds */,
				76BEF7D32871F36C0013E2A1 /* FakeTrue */,
				7631935E287D22C700D36BF7 /* authrights */,
				76DC0A6628836EB1007C42B2 /* XCreds Login Overlay */,
				76EE069B27FD1D00009E0F3A /* Products */,
				76DD6D15285997F300A700ED /* Frameworks */,
			);
			sourceTree = "<group>";
		};
		76EE069B27FD1D00009E0F3A /* Products */ = {
			isa = PBXGroup;
			children = (
				76EE069A27FD1D00009E0F3A /* XCreds.app */,
				766355BD2870CA6A002E3867 /* XCredsLoginPlugin.bundle */,
				7631935D287D22C700D36BF7 /* authrights */,
				76DC0A6528836EB1007C42B2 /* XCreds Login Overlay.app */,
			);
			name = Products;
			sourceTree = "<group>";
		};
		76EE069C27FD1D00009E0F3A /* XCreds */ = {
			isa = PBXGroup;
			children = (
				76D7ADFD284EB18600332EBC /* NSFileManager+TCSRealHomeFolder.h */,
				76D7ADFC284EB18600332EBC /* NSFileManager+TCSRealHomeFolder.m */,
				76D7ADFA284EB15100332EBC /* TCSUnifiedLogger.h */,
				76D7ADF9284EB15000332EBC /* TCSUnifiedLogger.m */,
				76EECCFF2875135900483C66 /* Logger.swift */,
				764D8130284D11EE00B3EE54 /* AboutMenuItem.swift */,
				764D812B284BCC7400B3EE54 /* VerifyOIDCPassword.xib */,
				764D812A284BCC7400B3EE54 /* VerifyOIDCPasswordWindowController.swift */,
				764D8124284BC1C300B3EE54 /* LoginPasswordWindowController.swift */,
				764D8132284D14A500B3EE54 /* Credits.rtf */,
				764D8125284BC1C300B3EE54 /* LoginPasswordWindowController.xib */,
				767116B2284B045800CCD6FF /* KeychainUtil.swift */,
				767116AD284AB59400CCD6FF /* SecurityPrivateAPI.h */,
				76EE06AB27FD1D92009E0F3A /* TokenManager.swift */,
				76EE06AD27FD1DC3009E0F3A /* PrefKeys.swift */,
				764D8128284BCAB100B3EE54 /* Window+Shake.swift */,
				76EE06B127FD1E24009E0F3A /* WebView.xib */,
				76EE06B327FD1E5F009E0F3A /* WebView.swift */,
				766355E4287148C1002E3867 /* Tokens.swift */,
				767116AB284AB4C000CCD6FF /* PasswordUtils.swift */,
				76EE06B527FD1E79009E0F3A /* PreferencesWindow.xib */,
				764D812E284C06AB00B3EE54 /* defaults.plist */,
				767116AE284AB5D900CCD6FF /* XCreds-Bridging-Header.h */,
				76EE06B727FD1EB7009E0F3A /* PreferencesWindowController.swift */,
				76EB840F285C28F0001AE215 /* ChangePasswordMenuItem.swift */,
				76EE06AF27FD1DD8009E0F3A /* Window+ForceToFront.swift */,
				76EE06B927FD1EE8009E0F3A /* SignInMenuItem.swift */,
				767116A8284AAE2B00CCD6FF /* ScheduleManager.swift */,
				76EE06BB27FD1EFE009E0F3A /* PrefsMenuItem.swift */,
				76EE06BD27FD1F13009E0F3A /* CheckTokenMenuItem.swift */,
				76EE06C127FD1F50009E0F3A /* MainMenu.swift */,
				76EE06AA27FD1D66009E0F3A /* Info.plist */,
				76EE069D27FD1D00009E0F3A /* AppDelegate.swift */,
				767116B0284B021500CCD6FF /* MainController.swift */,
				767116A6284AABC500CCD6FF /* NotifyManager.swift */,
				76EE069F27FD1D01009E0F3A /* Assets.xcassets */,
				76EE06A127FD1D01009E0F3A /* MainMenu.xib */,
				76EE06A427FD1D01009E0F3A /* xCreds.entitlements */,
				766355C42870CCC3002E3867 /* XCredsLoginPlugin-Bridging-Header.h */,
			);
			path = XCreds;
			sourceTree = "<group>";
		};
/* End PBXGroup section */

/* Begin PBXLegacyTarget section */
		766F4C4C2883B88F0021F548 /* Send To Test */ = {
			isa = PBXLegacyTarget;
			buildArgumentsString = app_to_test.sh;
			buildConfigurationList = 766F4C4D2883B88F0021F548 /* Build configuration list for PBXLegacyTarget "Send To Test" */;
			buildPhases = (
			);
			buildToolPath = /bin/bash;
			buildWorkingDirectory = /Users/tperfitt/Documents/Projects/xcreds;
			dependencies = (
			);
			name = "Send To Test";
			passBuildSettingsInEnvironment = 1;
			productName = "Send To Test";
		};
/* End PBXLegacyTarget section */

/* Begin PBXNativeTarget section */
		7631935C287D22C700D36BF7 /* authrights */ = {
			isa = PBXNativeTarget;
			buildConfigurationList = 76319363287D22C700D36BF7 /* Build configuration list for PBXNativeTarget "authrights" */;
			buildPhases = (
				76319359287D22C700D36BF7 /* Sources */,
				7631935A287D22C700D36BF7 /* Frameworks */,
				7631935B287D22C700D36BF7 /* CopyFiles */,
			);
			buildRules = (
			);
			dependencies = (
			);
			name = authrights;
			packageProductDependencies = (
				7631936A287D25E400D36BF7 /* ArgumentParser */,
			);
			productName = authrights;
			productReference = 7631935D287D22C700D36BF7 /* authrights */;
			productType = "com.apple.product-type.tool";
		};
		766355BC2870CA6A002E3867 /* XCredsLoginPlugin */ = {
			isa = PBXNativeTarget;
			buildConfigurationList = 766355C02870CA6A002E3867 /* Build configuration list for PBXNativeTarget "XCredsLoginPlugin" */;
			buildPhases = (
				766355B92870CA6A002E3867 /* Sources */,
				766355BA2870CA6A002E3867 /* Frameworks */,
				766355BB2870CA6A002E3867 /* Resources */,
			);
			buildRules = (
			);
			dependencies = (
			);
			name = XCredsLoginPlugin;
			packageProductDependencies = (
				766355CD2870E9D3002E3867 /* OIDCLite */,
			);
			productName = XCredsLoginPlugin;
			productReference = 766355BD2870CA6A002E3867 /* XCredsLoginPlugin.bundle */;
			productType = "com.apple.product-type.bundle";
		};
		76DC0A6428836EB1007C42B2 /* XCreds Login Overlay */ = {
			isa = PBXNativeTarget;
			buildConfigurationList = 76DC0A6F28836EB2007C42B2 /* Build configuration list for PBXNativeTarget "XCreds Login Overlay" */;
			buildPhases = (
				76DC0A6128836EB1007C42B2 /* Sources */,
				76DC0A6228836EB1007C42B2 /* Frameworks */,
				76DC0A6328836EB1007C42B2 /* Resources */,
			);
			buildRules = (
			);
			dependencies = (
			);
			name = "XCreds Login Overlay";
			productName = "XCreds Login Overlay";
			productReference = 76DC0A6528836EB1007C42B2 /* XCreds Login Overlay.app */;
			productType = "com.apple.product-type.application";
		};
		76EE069927FD1D00009E0F3A /* XCreds */ = {
			isa = PBXNativeTarget;
			buildConfigurationList = 76EE06A727FD1D01009E0F3A /* Build configuration list for PBXNativeTarget "XCreds" */;
			buildPhases = (
				76EE069627FD1D00009E0F3A /* Sources */,
				76EE069727FD1D00009E0F3A /* Frameworks */,
				76EE069827FD1D00009E0F3A /* Resources */,
			);
			buildRules = (
			);
			dependencies = (
				76DD6D14285997DA00A700ED /* PBXTargetDependency */,
				76DC0A7B28837152007C42B2 /* PBXTargetDependency */,
				76319376287E19A500D36BF7 /* PBXTargetDependency */,
				76319379287E204500D36BF7 /* PBXTargetDependency */,
			);
			name = XCreds;
			packageProductDependencies = (
				76DD6D16285997F300A700ED /* OIDCLite */,
				76319365287D24E100D36BF7 /* ArgumentParser */,
				76319368287D24F600D36BF7 /* ArgumentParser */,
			);
			productName = xCreds;
			productReference = 76EE069A27FD1D00009E0F3A /* XCreds.app */;
			productType = "com.apple.product-type.application";
		};
/* End PBXNativeTarget section */

/* Begin PBXProject section */
		76EE069227FD1D00009E0F3A /* Project object */ = {
			isa = PBXProject;
			attributes = {
				BuildIndependentTargetsInParallel = 1;
				LastSwiftUpdateCheck = 1340;
				LastUpgradeCheck = 1330;
				TargetAttributes = {
					7631935C287D22C700D36BF7 = {
						CreatedOnToolsVersion = 13.4.1;
					};
					766355BC2870CA6A002E3867 = {
						CreatedOnToolsVersion = 13.4.1;
						LastSwiftMigration = 1340;
					};
					766F4C4C2883B88F0021F548 = {
						CreatedOnToolsVersion = 13.4.1;
					};
					76DC0A6428836EB1007C42B2 = {
						CreatedOnToolsVersion = 13.4.1;
					};
					76EE069927FD1D00009E0F3A = {
						CreatedOnToolsVersion = 13.3;
					};
				};
			};
			buildConfigurationList = 76EE069527FD1D00009E0F3A /* Build configuration list for PBXProject "XCreds" */;
			compatibilityVersion = "Xcode 13.0";
			developmentRegion = en;
			hasScannedForEncodings = 0;
			knownRegions = (
				en,
				Base,
			);
			mainGroup = 76EE069127FD1D00009E0F3A;
			packageReferences = (
				76319364287D24E100D36BF7 /* XCRemoteSwiftPackageReference "swift-argument-parser" */,
				76319367287D24F600D36BF7 /* XCRemoteSwiftPackageReference "swift-argument-parser" */,
			);
			productRefGroup = 76EE069B27FD1D00009E0F3A /* Products */;
			projectDirPath = "";
			projectRoot = "";
			targets = (
				76EE069927FD1D00009E0F3A /* XCreds */,
				766355BC2870CA6A002E3867 /* XCredsLoginPlugin */,
				7631935C287D22C700D36BF7 /* authrights */,
				76DC0A6428836EB1007C42B2 /* XCreds Login Overlay */,
				766F4C4C2883B88F0021F548 /* Send To Test */,
			);
		};
/* End PBXProject section */

/* Begin PBXResourcesBuildPhase section */
		766355BB2870CA6A002E3867 /* Resources */ = {
			isa = PBXResourcesBuildPhase;
			buildActionMask = 2147483647;
			files = (
				76BEF8002872A3030013E2A1 /* loginwindow@2x.png in Resources */,
				766355D928711C51002E3867 /* defaults.plist in Resources */,
				766355D52870F29A002E3867 /* TestWindowController.xib in Resources */,
				76BEF7E4287202090013E2A1 /* RestartX.png in Resources */,
				76D925D32894ADB4005C3245 /* Assets.xcassets in Resources */,
				76BEF8012872A3030013E2A1 /* loginwindow.png in Resources */,
				766355D12870EBAD002E3867 /* VerifyOIDCPassword.xib in Resources */,
				76EECCFC2873E6E200483C66 /* LoginPasswordWindowController.xib in Resources */,
				76BEF7E8287202AF0013E2A1 /* ShutdownX.png in Resources */,
				766355DE28713486002E3867 /* LoginWebView.xib in Resources */,
				76BEF7E5287202090013E2A1 /* RestartX@2x.png in Resources */,
				7677908828908E40004E7085 /* WifiWindowController.xib in Resources */,
				76BEF7DF2871F6EB0013E2A1 /* LoginWindowControls.xib in Resources */,
				76BEF7E9287202AF0013E2A1 /* ShutdownX@2x.png in Resources */,
			);
			runOnlyForDeploymentPostprocessing = 0;
		};
		76DC0A6328836EB1007C42B2 /* Resources */ = {
			isa = PBXResourcesBuildPhase;
			buildActionMask = 2147483647;
			files = (
				76DC0A83288382D2007C42B2 /* returnArrow.png in Resources */,
				76DC0A6A28836EB2007C42B2 /* Assets.xcassets in Resources */,
				76DC0A6D28836EB2007C42B2 /* MainMenu.xib in Resources */,
				76DC0A79288370BA007C42B2 /* com.twocanoes.xcreds-overlay.plist in Resources */,
				76DC0A7428836F45007C42B2 /* RestartX@2x.png in Resources */,
				766F4C4B2883AFD90021F548 /* pleaseWaitGraphic.png in Resources */,
			);
			runOnlyForDeploymentPostprocessing = 0;
		};
		76EE069827FD1D00009E0F3A /* Resources */ = {
			isa = PBXResourcesBuildPhase;
			buildActionMask = 2147483647;
			files = (
				76DC0A7C28837158007C42B2 /* XCreds Login Overlay.app in Resources */,
				76CB907E288112C200C70D0C /* xcreds_login.sh in Resources */,
				76319377287E1FAF00D36BF7 /* authrights in Resources */,
				76319374287E198C00D36BF7 /* XCredsLoginPlugin.bundle in Resources */,
				76EE06B627FD1E79009E0F3A /* PreferencesWindow.xib in Resources */,
				76EE06A027FD1D01009E0F3A /* Assets.xcassets in Resources */,
				764D812F284C06AB00B3EE54 /* defaults.plist in Resources */,
				764D8133284D14A500B3EE54 /* Credits.rtf in Resources */,
				764D812D284BCC7400B3EE54 /* VerifyOIDCPassword.xib in Resources */,
				764D8127284BC1C300B3EE54 /* LoginPasswordWindowController.xib in Resources */,
				76EE06A327FD1D01009E0F3A /* MainMenu.xib in Resources */,
				769032362890EAB10043E9F3 /* WifiWindowController.xib in Resources */,
				76EE06B227FD1E24009E0F3A /* WebView.xib in Resources */,
			);
			runOnlyForDeploymentPostprocessing = 0;
		};
/* End PBXResourcesBuildPhase section */

/* Begin PBXSourcesBuildPhase section */
		76319359287D22C700D36BF7 /* Sources */ = {
			isa = PBXSourcesBuildPhase;
			buildActionMask = 2147483647;
			files = (
				76319360287D22C700D36BF7 /* authrights.swift in Sources */,
				7631936D287D2A6200D36BF7 /* Logger.swift in Sources */,
				7631936C287D29B700D36BF7 /* AuthorizationDBManager.swift in Sources */,
				7631936E287D2AB100D36BF7 /* TCSUnifiedLogger.m in Sources */,
				76319370287DE24D00D36BF7 /* NSFileManager+TCSRealHomeFolder.m in Sources */,
			);
			runOnlyForDeploymentPostprocessing = 0;
		};
		766355B92870CA6A002E3867 /* Sources */ = {
			isa = PBXSourcesBuildPhase;
			buildActionMask = 2147483647;
			files = (
				7632E3A32873581100E37923 /* KeychainUtil.swift in Sources */,
				76BEF7DD2871F5F00013E2A1 /* TCSReturnWindow.m in Sources */,
				76EECCFB2873DFFB00483C66 /* PasswordUtils.swift in Sources */,
				7632E3A12873497C00E37923 /* LogShim.swift in Sources */,
				76BEF7ED28724A0C0013E2A1 /* XCredsBaseMechanism.swift in Sources */,
				766355CF2870E9E7002E3867 /* PrefKeys.swift in Sources */,
				76BEF7F328724F120013E2A1 /* XCredsPowerControlMechanism.swift in Sources */,
				7632909D2876674100CF8857 /* DataExtension.swift in Sources */,
				7677908628908E40004E7085 /* WifiWindowController.swift in Sources */,
				76EECCFD2873E9ED00483C66 /* LoginPasswordWindowController.swift in Sources */,
				76BEF7EC28724A0B0013E2A1 /* XCredsLoginMechanism.swift in Sources */,
				766355CA2870DCF5002E3867 /* TCSUnifiedLogger.m in Sources */,
				76CB9078287FBEEA00C70D0C /* Helper+URLDecode.swift in Sources */,
				766355E328713C4A002E3867 /* LoginWindow.swift in Sources */,
				76BEF7F82872504C0013E2A1 /* ContextAndHintHandling.swift in Sources */,
				766355E6287148C1002E3867 /* Tokens.swift in Sources */,
				766355CC2870E9AD002E3867 /* WebView.swift in Sources */,
				7611CEC0288B75140063A644 /* XCredsCreateUser.swift in Sources */,
				766355D42870F29A002E3867 /* TestWindowController.swift in Sources */,
				766355C32870CB6F002E3867 /* XCredsLoginPlugin.m in Sources */,
				766355CB2870E5E9002E3867 /* NSFileManager+TCSRealHomeFolder.m in Sources */,
				7632E39F287347C100E37923 /* XCredsKeychainAdd.swift in Sources */,
				7677908728908E40004E7085 /* WifiManager.swift in Sources */,
				76BEF7FA28726C700013E2A1 /* AuthorizationDBManager.swift in Sources */,
				76BEF7E12871F74D0013E2A1 /* LoginWindowControlsWindowController.swift in Sources */,
				76EECD012875135900483C66 /* Logger.swift in Sources */,
				7611CEC2288B96760063A644 /* XCredsEnableFDE.swift in Sources */,
				76EECCFE2873EA6500483C66 /* Window+Shake.swift in Sources */,
				7632E3A2287357CC00E37923 /* TokenManager.swift in Sources */,
				76BEF7F628724FA80013E2A1 /* NSTaskWrapper.swift in Sources */,
				76EECD0528753C7F00483C66 /* String+Base64URLEncoded.swift in Sources */,
				766355DB287132E9002E3867 /* LoginWebViewController.swift in Sources */,
			);
			runOnlyForDeploymentPostprocessing = 0;
		};
		76DC0A6128836EB1007C42B2 /* Sources */ = {
			isa = PBXSourcesBuildPhase;
			buildActionMask = 2147483647;
			files = (
				76DC0A8528838467007C42B2 /* Logger.swift in Sources */,
				76DC0A7328836EFE007C42B2 /* TCSReturnWindow.m in Sources */,
				76DC0A88288387D8007C42B2 /* NSFileManager+TCSRealHomeFolder.m in Sources */,
				76DC0A8428838375007C42B2 /* AuthorizationDBManager.swift in Sources */,
				76DC0A8628838656007C42B2 /* TCSUnifiedLogger.m in Sources */,
				76DC0A7E288376BC007C42B2 /* TCSXCredsLoginOverlayWindow.swift in Sources */,
				76DC0A87288386FA007C42B2 /* NSTaskWrapper.swift in Sources */,
				76DC0A6828836EB1007C42B2 /* AppDelegate.swift in Sources */,
			);
			runOnlyForDeploymentPostprocessing = 0;
		};
		76EE069627FD1D00009E0F3A /* Sources */ = {
			isa = PBXSourcesBuildPhase;
			buildActionMask = 2147483647;
			files = (
				76EECD0228752C1F00483C66 /* LoginWindow.swift in Sources */,
				767116A7284AABC500CCD6FF /* NotifyManager.swift in Sources */,
				76EE06B827FD1EB7009E0F3A /* PreferencesWindowController.swift in Sources */,
				76EE06AE27FD1DC3009E0F3A /* PrefKeys.swift in Sources */,
				764D8131284D11EE00B3EE54 /* AboutMenuItem.swift in Sources */,
				769032372890EB350043E9F3 /* WifiWindowController.swift in Sources */,
				767116B3284B045800CCD6FF /* KeychainUtil.swift in Sources */,
				76CB907B2880E41E00C70D0C /* LogShim.swift in Sources */,
				764D812C284BCC7400B3EE54 /* VerifyOIDCPasswordWindowController.swift in Sources */,
				76319373287E18BF00D36BF7 /* DataExtension.swift in Sources */,
				76EB8410285C28F0001AE215 /* ChangePasswordMenuItem.swift in Sources */,
				76EECD002875135900483C66 /* Logger.swift in Sources */,
				76EE06BC27FD1EFE009E0F3A /* PrefsMenuItem.swift in Sources */,
				76CB9077287FBEEA00C70D0C /* Helper+URLDecode.swift in Sources */,
				764D8129284BCAB100B3EE54 /* Window+Shake.swift in Sources */,
				764D8126284BC1C300B3EE54 /* LoginPasswordWindowController.swift in Sources */,
				76EE069E27FD1D00009E0F3A /* AppDelegate.swift in Sources */,
				76D7ADFB284EB15100332EBC /* TCSUnifiedLogger.m in Sources */,
				76EE06C227FD1F50009E0F3A /* MainMenu.swift in Sources */,
				76EE06B027FD1DD8009E0F3A /* Window+ForceToFront.swift in Sources */,
				767116B1284B021500CCD6FF /* MainController.swift in Sources */,
				76ACEA7D2890EBF900216E6E /* WifiManager.swift in Sources */,
				767116A9284AAE2B00CCD6FF /* ScheduleManager.swift in Sources */,
				767116AC284AB4C000CCD6FF /* PasswordUtils.swift in Sources */,
				766355E5287148C1002E3867 /* Tokens.swift in Sources */,
				76EE06BE27FD1F13009E0F3A /* CheckTokenMenuItem.swift in Sources */,
				76EE06AC27FD1D92009E0F3A /* TokenManager.swift in Sources */,
				76EE06BA27FD1EE8009E0F3A /* SignInMenuItem.swift in Sources */,
				76D7ADFE284EB18600332EBC /* NSFileManager+TCSRealHomeFolder.m in Sources */,
				76EECD0428753C7F00483C66 /* String+Base64URLEncoded.swift in Sources */,
				766355DC287133C7002E3867 /* WebView.swift in Sources */,
			);
			runOnlyForDeploymentPostprocessing = 0;
		};
/* End PBXSourcesBuildPhase section */

/* Begin PBXTargetDependency section */
		76319376287E19A500D36BF7 /* PBXTargetDependency */ = {
			isa = PBXTargetDependency;
			target = 766355BC2870CA6A002E3867 /* XCredsLoginPlugin */;
			targetProxy = 76319375287E19A500D36BF7 /* PBXContainerItemProxy */;
		};
		76319379287E204500D36BF7 /* PBXTargetDependency */ = {
			isa = PBXTargetDependency;
			target = 7631935C287D22C700D36BF7 /* authrights */;
			targetProxy = 76319378287E204500D36BF7 /* PBXContainerItemProxy */;
		};
		76DC0A7B28837152007C42B2 /* PBXTargetDependency */ = {
			isa = PBXTargetDependency;
			target = 76DC0A6428836EB1007C42B2 /* XCreds Login Overlay */;
			targetProxy = 76DC0A7A28837152007C42B2 /* PBXContainerItemProxy */;
		};
		76DD6D14285997DA00A700ED /* PBXTargetDependency */ = {
			isa = PBXTargetDependency;
			productRef = 76DD6D13285997DA00A700ED /* OIDCLite */;
		};
/* End PBXTargetDependency section */

/* Begin PBXVariantGroup section */
		76DC0A6B28836EB2007C42B2 /* MainMenu.xib */ = {
			isa = PBXVariantGroup;
			children = (
				76DC0A6C28836EB2007C42B2 /* Base */,
			);
			name = MainMenu.xib;
			sourceTree = "<group>";
		};
		76EE06A127FD1D01009E0F3A /* MainMenu.xib */ = {
			isa = PBXVariantGroup;
			children = (
				76EE06A227FD1D01009E0F3A /* Base */,
			);
			name = MainMenu.xib;
			sourceTree = "<group>";
		};
/* End PBXVariantGroup section */

/* Begin XCBuildConfiguration section */
		76319361287D22C700D36BF7 /* Debug */ = {
			isa = XCBuildConfiguration;
			buildSettings = {
				CODE_SIGN_STYLE = Automatic;
				DEVELOPMENT_TEAM = UXP6YEHSPW;
				ENABLE_HARDENED_RUNTIME = YES;
				PRODUCT_NAME = "$(TARGET_NAME)";
				SKIP_INSTALL = YES;
				SWIFT_OBJC_BRIDGING_HEADER = "XCreds/XCredsLoginPlugin-Bridging-Header.h";
				SWIFT_VERSION = 5.0;
			};
			name = Debug;
		};
		76319362287D22C700D36BF7 /* Release */ = {
			isa = XCBuildConfiguration;
			buildSettings = {
				CODE_SIGN_STYLE = Automatic;
				DEVELOPMENT_TEAM = UXP6YEHSPW;
				ENABLE_HARDENED_RUNTIME = YES;
				PRODUCT_NAME = "$(TARGET_NAME)";
				SKIP_INSTALL = YES;
				SWIFT_OBJC_BRIDGING_HEADER = "XCreds/XCredsLoginPlugin-Bridging-Header.h";
				SWIFT_VERSION = 5.0;
			};
			name = Release;
		};
		766355BE2870CA6A002E3867 /* Debug */ = {
			isa = XCBuildConfiguration;
			buildSettings = {
				CLANG_ENABLE_MODULES = YES;
				CODE_SIGN_STYLE = Automatic;
				COMBINE_HIDPI_IMAGES = YES;
				CURRENT_PROJECT_VERSION = 3195;
				DEFINES_MODULE = YES;
				DEVELOPMENT_TEAM = UXP6YEHSPW;
				GENERATE_INFOPLIST_FILE = YES;
				INFOPLIST_FILE = XCredsLoginPlugin/Info.plist;
				INFOPLIST_KEY_NSHumanReadableCopyright = "";
				INFOPLIST_KEY_NSPrincipalClass = "";
				INSTALL_PATH = "$(LOCAL_LIBRARY_DIR)/Bundles";
				LD_RUNPATH_SEARCH_PATHS = (
					"$(inherited)",
					"@executable_path/../Frameworks",
					"@loader_path/../Frameworks",
				);
				MARKETING_VERSION = 1.2;
				PRODUCT_BUNDLE_IDENTIFIER = com.twocanoes.XCredsLoginPlugin;
				PRODUCT_NAME = "$(TARGET_NAME)";
				SKIP_INSTALL = YES;
				SWIFT_EMIT_LOC_STRINGS = YES;
				SWIFT_OBJC_BRIDGING_HEADER = "XCreds/XCredsLoginPlugin-Bridging-Header.h";
				SWIFT_OPTIMIZATION_LEVEL = "-Onone";
				SWIFT_VERSION = 5.0;
				WRAPPER_EXTENSION = bundle;
			};
			name = Debug;
		};
		766355BF2870CA6A002E3867 /* Release */ = {
			isa = XCBuildConfiguration;
			buildSettings = {
				CLANG_ENABLE_MODULES = YES;
				CODE_SIGN_STYLE = Automatic;
				COMBINE_HIDPI_IMAGES = YES;
				CURRENT_PROJECT_VERSION = 3195;
				DEFINES_MODULE = YES;
				DEVELOPMENT_TEAM = UXP6YEHSPW;
				GENERATE_INFOPLIST_FILE = YES;
				INFOPLIST_FILE = XCredsLoginPlugin/Info.plist;
				INFOPLIST_KEY_NSHumanReadableCopyright = "";
				INFOPLIST_KEY_NSPrincipalClass = "";
				INSTALL_PATH = "$(LOCAL_LIBRARY_DIR)/Bundles";
				LD_RUNPATH_SEARCH_PATHS = (
					"$(inherited)",
					"@executable_path/../Frameworks",
					"@loader_path/../Frameworks",
				);
				MARKETING_VERSION = 1.2;
				PRODUCT_BUNDLE_IDENTIFIER = com.twocanoes.XCredsLoginPlugin;
				PRODUCT_NAME = "$(TARGET_NAME)";
				SKIP_INSTALL = YES;
				SWIFT_EMIT_LOC_STRINGS = YES;
				SWIFT_OBJC_BRIDGING_HEADER = "XCreds/XCredsLoginPlugin-Bridging-Header.h";
				SWIFT_VERSION = 5.0;
				WRAPPER_EXTENSION = bundle;
			};
			name = Release;
		};
		766F4C4E2883B88F0021F548 /* Debug */ = {
			isa = XCBuildConfiguration;
			buildSettings = {
				CODE_SIGN_STYLE = Automatic;
				DEBUGGING_SYMBOLS = YES;
				DEBUG_INFORMATION_FORMAT = dwarf;
				DEVELOPMENT_TEAM = UXP6YEHSPW;
				GCC_GENERATE_DEBUGGING_SYMBOLS = YES;
				GCC_OPTIMIZATION_LEVEL = 0;
				OTHER_CFLAGS = "";
				OTHER_LDFLAGS = "";
				PRODUCT_NAME = "$(TARGET_NAME)";
			};
			name = Debug;
		};
		766F4C4F2883B88F0021F548 /* Release */ = {
			isa = XCBuildConfiguration;
			buildSettings = {
				CODE_SIGN_STYLE = Automatic;
				DEBUG_INFORMATION_FORMAT = "dwarf-with-dsym";
				DEVELOPMENT_TEAM = UXP6YEHSPW;
				OTHER_CFLAGS = "";
				OTHER_LDFLAGS = "";
				PRODUCT_NAME = "$(TARGET_NAME)";
			};
			name = Release;
		};
		76DC0A7028836EB2007C42B2 /* Debug */ = {
			isa = XCBuildConfiguration;
			buildSettings = {
				ASSETCATALOG_COMPILER_APPICON_NAME = AppIcon;
				ASSETCATALOG_COMPILER_GLOBAL_ACCENT_COLOR_NAME = AccentColor;
				CODE_SIGN_ENTITLEMENTS = "XCreds Login Overlay/XCreds_Login_Overlay.entitlements";
				CODE_SIGN_STYLE = Automatic;
				COMBINE_HIDPI_IMAGES = YES;
				CURRENT_PROJECT_VERSION = 3195;
				DEVELOPMENT_TEAM = UXP6YEHSPW;
				ENABLE_HARDENED_RUNTIME = YES;
				GENERATE_INFOPLIST_FILE = YES;
				INFOPLIST_FILE = "XCreds-Login-Overlay-Info.plist";
				INFOPLIST_KEY_NSHumanReadableCopyright = "";
				INFOPLIST_KEY_NSMainNibFile = MainMenu;
				INFOPLIST_KEY_NSPrincipalClass = NSApplication;
				LD_RUNPATH_SEARCH_PATHS = (
					"$(inherited)",
					"@executable_path/../Frameworks",
				);
				MARKETING_VERSION = 1.2;
				PRODUCT_BUNDLE_IDENTIFIER = "com.twocanoes.XCreds-Login-Overlay";
				PRODUCT_NAME = "$(TARGET_NAME)";
				SKIP_INSTALL = YES;
				SWIFT_EMIT_LOC_STRINGS = YES;
				SWIFT_OBJC_BRIDGING_HEADER = "XCreds/XCreds-Bridging-Header.h";
				SWIFT_VERSION = 5.0;
			};
			name = Debug;
		};
		76DC0A7128836EB2007C42B2 /* Release */ = {
			isa = XCBuildConfiguration;
			buildSettings = {
				ASSETCATALOG_COMPILER_APPICON_NAME = AppIcon;
				ASSETCATALOG_COMPILER_GLOBAL_ACCENT_COLOR_NAME = AccentColor;
				CODE_SIGN_ENTITLEMENTS = "XCreds Login Overlay/XCreds_Login_Overlay.entitlements";
				CODE_SIGN_STYLE = Automatic;
				COMBINE_HIDPI_IMAGES = YES;
				CURRENT_PROJECT_VERSION = 3195;
				DEVELOPMENT_TEAM = UXP6YEHSPW;
				ENABLE_HARDENED_RUNTIME = YES;
				GENERATE_INFOPLIST_FILE = YES;
				INFOPLIST_FILE = "XCreds-Login-Overlay-Info.plist";
				INFOPLIST_KEY_NSHumanReadableCopyright = "";
				INFOPLIST_KEY_NSMainNibFile = MainMenu;
				INFOPLIST_KEY_NSPrincipalClass = NSApplication;
				LD_RUNPATH_SEARCH_PATHS = (
					"$(inherited)",
					"@executable_path/../Frameworks",
				);
				MARKETING_VERSION = 1.2;
				PRODUCT_BUNDLE_IDENTIFIER = "com.twocanoes.XCreds-Login-Overlay";
				PRODUCT_NAME = "$(TARGET_NAME)";
				SKIP_INSTALL = YES;
				SWIFT_EMIT_LOC_STRINGS = YES;
				SWIFT_OBJC_BRIDGING_HEADER = "XCreds/XCreds-Bridging-Header.h";
				SWIFT_VERSION = 5.0;
			};
			name = Release;
		};
		76EE06A527FD1D01009E0F3A /* Debug */ = {
			isa = XCBuildConfiguration;
			buildSettings = {
				ALWAYS_SEARCH_USER_PATHS = NO;
				CLANG_ANALYZER_NONNULL = YES;
				CLANG_ANALYZER_NUMBER_OBJECT_CONVERSION = YES_AGGRESSIVE;
				CLANG_CXX_LANGUAGE_STANDARD = "gnu++17";
				CLANG_ENABLE_MODULES = YES;
				CLANG_ENABLE_OBJC_ARC = YES;
				CLANG_ENABLE_OBJC_WEAK = YES;
				CLANG_WARN_BLOCK_CAPTURE_AUTORELEASING = YES;
				CLANG_WARN_BOOL_CONVERSION = YES;
				CLANG_WARN_COMMA = YES;
				CLANG_WARN_CONSTANT_CONVERSION = YES;
				CLANG_WARN_DEPRECATED_OBJC_IMPLEMENTATIONS = YES;
				CLANG_WARN_DIRECT_OBJC_ISA_USAGE = YES_ERROR;
				CLANG_WARN_DOCUMENTATION_COMMENTS = YES;
				CLANG_WARN_EMPTY_BODY = YES;
				CLANG_WARN_ENUM_CONVERSION = YES;
				CLANG_WARN_INFINITE_RECURSION = YES;
				CLANG_WARN_INT_CONVERSION = YES;
				CLANG_WARN_NON_LITERAL_NULL_CONVERSION = YES;
				CLANG_WARN_OBJC_IMPLICIT_RETAIN_SELF = YES;
				CLANG_WARN_OBJC_LITERAL_CONVERSION = YES;
				CLANG_WARN_OBJC_ROOT_CLASS = YES_ERROR;
				CLANG_WARN_QUOTED_INCLUDE_IN_FRAMEWORK_HEADER = YES;
				CLANG_WARN_RANGE_LOOP_ANALYSIS = YES;
				CLANG_WARN_STRICT_PROTOTYPES = YES;
				CLANG_WARN_SUSPICIOUS_MOVE = YES;
				CLANG_WARN_UNGUARDED_AVAILABILITY = YES_AGGRESSIVE;
				CLANG_WARN_UNREACHABLE_CODE = YES;
				CLANG_WARN__DUPLICATE_METHOD_MATCH = YES;
				COPY_PHASE_STRIP = NO;
				DEBUG_INFORMATION_FORMAT = dwarf;
				ENABLE_STRICT_OBJC_MSGSEND = YES;
				ENABLE_TESTABILITY = YES;
				GCC_C_LANGUAGE_STANDARD = gnu11;
				GCC_DYNAMIC_NO_PIC = NO;
				GCC_NO_COMMON_BLOCKS = YES;
				GCC_OPTIMIZATION_LEVEL = 0;
				GCC_PREPROCESSOR_DEFINITIONS = (
					"DEBUG=1",
					"$(inherited)",
				);
				GCC_WARN_64_TO_32_BIT_CONVERSION = YES;
				GCC_WARN_ABOUT_RETURN_TYPE = YES_ERROR;
				GCC_WARN_UNDECLARED_SELECTOR = YES;
				GCC_WARN_UNINITIALIZED_AUTOS = YES_AGGRESSIVE;
				GCC_WARN_UNUSED_FUNCTION = YES;
				GCC_WARN_UNUSED_VARIABLE = YES;
				MACOSX_DEPLOYMENT_TARGET = 12.3;
				MTL_ENABLE_DEBUG_INFO = INCLUDE_SOURCE;
				MTL_FAST_MATH = YES;
				ONLY_ACTIVE_ARCH = YES;
				SDKROOT = macosx;
				SWIFT_ACTIVE_COMPILATION_CONDITIONS = DEBUG;
				SWIFT_OPTIMIZATION_LEVEL = "-Onone";
			};
			name = Debug;
		};
		76EE06A627FD1D01009E0F3A /* Release */ = {
			isa = XCBuildConfiguration;
			buildSettings = {
				ALWAYS_SEARCH_USER_PATHS = NO;
				CLANG_ANALYZER_NONNULL = YES;
				CLANG_ANALYZER_NUMBER_OBJECT_CONVERSION = YES_AGGRESSIVE;
				CLANG_CXX_LANGUAGE_STANDARD = "gnu++17";
				CLANG_ENABLE_MODULES = YES;
				CLANG_ENABLE_OBJC_ARC = YES;
				CLANG_ENABLE_OBJC_WEAK = YES;
				CLANG_WARN_BLOCK_CAPTURE_AUTORELEASING = YES;
				CLANG_WARN_BOOL_CONVERSION = YES;
				CLANG_WARN_COMMA = YES;
				CLANG_WARN_CONSTANT_CONVERSION = YES;
				CLANG_WARN_DEPRECATED_OBJC_IMPLEMENTATIONS = YES;
				CLANG_WARN_DIRECT_OBJC_ISA_USAGE = YES_ERROR;
				CLANG_WARN_DOCUMENTATION_COMMENTS = YES;
				CLANG_WARN_EMPTY_BODY = YES;
				CLANG_WARN_ENUM_CONVERSION = YES;
				CLANG_WARN_INFINITE_RECURSION = YES;
				CLANG_WARN_INT_CONVERSION = YES;
				CLANG_WARN_NON_LITERAL_NULL_CONVERSION = YES;
				CLANG_WARN_OBJC_IMPLICIT_RETAIN_SELF = YES;
				CLANG_WARN_OBJC_LITERAL_CONVERSION = YES;
				CLANG_WARN_OBJC_ROOT_CLASS = YES_ERROR;
				CLANG_WARN_QUOTED_INCLUDE_IN_FRAMEWORK_HEADER = YES;
				CLANG_WARN_RANGE_LOOP_ANALYSIS = YES;
				CLANG_WARN_STRICT_PROTOTYPES = YES;
				CLANG_WARN_SUSPICIOUS_MOVE = YES;
				CLANG_WARN_UNGUARDED_AVAILABILITY = YES_AGGRESSIVE;
				CLANG_WARN_UNREACHABLE_CODE = YES;
				CLANG_WARN__DUPLICATE_METHOD_MATCH = YES;
				COPY_PHASE_STRIP = NO;
				DEBUG_INFORMATION_FORMAT = "dwarf-with-dsym";
				ENABLE_NS_ASSERTIONS = NO;
				ENABLE_STRICT_OBJC_MSGSEND = YES;
				GCC_C_LANGUAGE_STANDARD = gnu11;
				GCC_NO_COMMON_BLOCKS = YES;
				GCC_WARN_64_TO_32_BIT_CONVERSION = YES;
				GCC_WARN_ABOUT_RETURN_TYPE = YES_ERROR;
				GCC_WARN_UNDECLARED_SELECTOR = YES;
				GCC_WARN_UNINITIALIZED_AUTOS = YES_AGGRESSIVE;
				GCC_WARN_UNUSED_FUNCTION = YES;
				GCC_WARN_UNUSED_VARIABLE = YES;
				MACOSX_DEPLOYMENT_TARGET = 12.3;
				MTL_ENABLE_DEBUG_INFO = NO;
				MTL_FAST_MATH = YES;
				SDKROOT = macosx;
				SWIFT_COMPILATION_MODE = wholemodule;
				SWIFT_OPTIMIZATION_LEVEL = "-O";
			};
			name = Release;
		};
		76EE06A827FD1D01009E0F3A /* Debug */ = {
			isa = XCBuildConfiguration;
			buildSettings = {
				ASSETCATALOG_COMPILER_APPICON_NAME = AppIcon;
				ASSETCATALOG_COMPILER_GLOBAL_ACCENT_COLOR_NAME = AccentColor;
				CODE_SIGN_ENTITLEMENTS = XCreds/xCreds.entitlements;
				CODE_SIGN_STYLE = Automatic;
				COMBINE_HIDPI_IMAGES = YES;
				CURRENT_PROJECT_VERSION = 3195;
				DEVELOPMENT_TEAM = UXP6YEHSPW;
				ENABLE_HARDENED_RUNTIME = YES;
				GENERATE_INFOPLIST_FILE = YES;
				INFOPLIST_FILE = XCreds/Info.plist;
				INFOPLIST_KEY_NSHumanReadableCopyright = "© 2022 Twocanoes Software, Inc";
				INFOPLIST_KEY_NSMainNibFile = MainMenu;
				INFOPLIST_KEY_NSPrincipalClass = NSApplication;
				LD_RUNPATH_SEARCH_PATHS = (
					"$(inherited)",
					"@executable_path/../Frameworks",
				);
				MARKETING_VERSION = 1.2;
				PRODUCT_BUNDLE_IDENTIFIER = com.twocanoes.xcreds;
				PRODUCT_NAME = "$(TARGET_NAME)";
				SWIFT_EMIT_LOC_STRINGS = YES;
				SWIFT_OBJC_BRIDGING_HEADER = "XCreds/XCreds-Bridging-Header.h";
				SWIFT_VERSION = 5.0;
			};
			name = Debug;
		};
		76EE06A927FD1D01009E0F3A /* Release */ = {
			isa = XCBuildConfiguration;
			buildSettings = {
				ASSETCATALOG_COMPILER_APPICON_NAME = AppIcon;
				ASSETCATALOG_COMPILER_GLOBAL_ACCENT_COLOR_NAME = AccentColor;
				CODE_SIGN_ENTITLEMENTS = XCreds/xCreds.entitlements;
				CODE_SIGN_STYLE = Automatic;
				COMBINE_HIDPI_IMAGES = YES;
				CURRENT_PROJECT_VERSION = 3195;
				DEVELOPMENT_TEAM = UXP6YEHSPW;
				ENABLE_HARDENED_RUNTIME = YES;
				GENERATE_INFOPLIST_FILE = YES;
				INFOPLIST_FILE = XCreds/Info.plist;
				INFOPLIST_KEY_NSHumanReadableCopyright = "© 2022 Twocanoes Software, Inc";
				INFOPLIST_KEY_NSMainNibFile = MainMenu;
				INFOPLIST_KEY_NSPrincipalClass = NSApplication;
				LD_RUNPATH_SEARCH_PATHS = (
					"$(inherited)",
					"@executable_path/../Frameworks",
				);
				MARKETING_VERSION = 1.2;
				PRODUCT_BUNDLE_IDENTIFIER = com.twocanoes.xcreds;
				PRODUCT_NAME = "$(TARGET_NAME)";
				SWIFT_EMIT_LOC_STRINGS = YES;
				SWIFT_OBJC_BRIDGING_HEADER = "XCreds/XCreds-Bridging-Header.h";
				SWIFT_VERSION = 5.0;
			};
			name = Release;
		};
/* End XCBuildConfiguration section */

/* Begin XCConfigurationList section */
		76319363287D22C700D36BF7 /* Build configuration list for PBXNativeTarget "authrights" */ = {
			isa = XCConfigurationList;
			buildConfigurations = (
				76319361287D22C700D36BF7 /* Debug */,
				76319362287D22C700D36BF7 /* Release */,
			);
			defaultConfigurationIsVisible = 0;
			defaultConfigurationName = Release;
		};
		766355C02870CA6A002E3867 /* Build configuration list for PBXNativeTarget "XCredsLoginPlugin" */ = {
			isa = XCConfigurationList;
			buildConfigurations = (
				766355BE2870CA6A002E3867 /* Debug */,
				766355BF2870CA6A002E3867 /* Release */,
			);
			defaultConfigurationIsVisible = 0;
			defaultConfigurationName = Release;
		};
		766F4C4D2883B88F0021F548 /* Build configuration list for PBXLegacyTarget "Send To Test" */ = {
			isa = XCConfigurationList;
			buildConfigurations = (
				766F4C4E2883B88F0021F548 /* Debug */,
				766F4C4F2883B88F0021F548 /* Release */,
			);
			defaultConfigurationIsVisible = 0;
			defaultConfigurationName = Release;
		};
		76DC0A6F28836EB2007C42B2 /* Build configuration list for PBXNativeTarget "XCreds Login Overlay" */ = {
			isa = XCConfigurationList;
			buildConfigurations = (
				76DC0A7028836EB2007C42B2 /* Debug */,
				76DC0A7128836EB2007C42B2 /* Release */,
			);
			defaultConfigurationIsVisible = 0;
			defaultConfigurationName = Release;
		};
		76EE069527FD1D00009E0F3A /* Build configuration list for PBXProject "XCreds" */ = {
			isa = XCConfigurationList;
			buildConfigurations = (
				76EE06A527FD1D01009E0F3A /* Debug */,
				76EE06A627FD1D01009E0F3A /* Release */,
			);
			defaultConfigurationIsVisible = 0;
			defaultConfigurationName = Release;
		};
		76EE06A727FD1D01009E0F3A /* Build configuration list for PBXNativeTarget "XCreds" */ = {
			isa = XCConfigurationList;
			buildConfigurations = (
				76EE06A827FD1D01009E0F3A /* Debug */,
				76EE06A927FD1D01009E0F3A /* Release */,
			);
			defaultConfigurationIsVisible = 0;
			defaultConfigurationName = Release;
		};
/* End XCConfigurationList section */

/* Begin XCRemoteSwiftPackageReference section */
		76319364287D24E100D36BF7 /* XCRemoteSwiftPackageReference "swift-argument-parser" */ = {
			isa = XCRemoteSwiftPackageReference;
			repositoryURL = "https://github.com/apple/swift-argument-parser.git";
			requirement = {
				kind = upToNextMajorVersion;
				minimumVersion = 1.0.0;
			};
		};
		76319367287D24F600D36BF7 /* XCRemoteSwiftPackageReference "swift-argument-parser" */ = {
			isa = XCRemoteSwiftPackageReference;
			repositoryURL = "https://github.com/apple/swift-argument-parser.git";
			requirement = {
				kind = upToNextMajorVersion;
				minimumVersion = 1.0.0;
			};
		};
/* End XCRemoteSwiftPackageReference section */

/* Begin XCSwiftPackageProductDependency section */
		76319365287D24E100D36BF7 /* ArgumentParser */ = {
			isa = XCSwiftPackageProductDependency;
			package = 76319364287D24E100D36BF7 /* XCRemoteSwiftPackageReference "swift-argument-parser" */;
			productName = ArgumentParser;
		};
		76319368287D24F600D36BF7 /* ArgumentParser */ = {
			isa = XCSwiftPackageProductDependency;
			package = 76319364287D24E100D36BF7 /* XCRemoteSwiftPackageReference "swift-argument-parser" */;
			productName = ArgumentParser;
		};
		7631936A287D25E400D36BF7 /* ArgumentParser */ = {
			isa = XCSwiftPackageProductDependency;
			package = 76319367287D24F600D36BF7 /* XCRemoteSwiftPackageReference "swift-argument-parser" */;
			productName = ArgumentParser;
		};
		766355CD2870E9D3002E3867 /* OIDCLite */ = {
			isa = XCSwiftPackageProductDependency;
			productName = OIDCLite;
		};
		76DD6D13285997DA00A700ED /* OIDCLite */ = {
			isa = XCSwiftPackageProductDependency;
			productName = OIDCLite;
		};
		76DD6D16285997F300A700ED /* OIDCLite */ = {
			isa = XCSwiftPackageProductDependency;
			productName = OIDCLite;
		};
/* End XCSwiftPackageProductDependency section */
	};
	rootObject = 76EE069227FD1D00009E0F3A /* Project object */;
}
